PODS:
  - AviasalesSDK (1.3.3-beta1)
  - NMRangeSlider (1.2.1)
  - SDVersion (2.6)
  - SDWebImage (3.7.5):
    - SDWebImage/Core (= 3.7.5)
  - SDWebImage/Core (3.7.5)

DEPENDENCIES:
  - AviasalesSDK (from `../Aviasales-iOS-SDK`)
  - NMRangeSlider (~> 1.2)
  - SDVersion (~> 2.6)
  - SDWebImage (~> 3.7)

EXTERNAL SOURCES:
  AviasalesSDK:
    :path: ../Aviasales-iOS-SDK

SPEC CHECKSUMS:
  AviasalesSDK: 2753d292f5407573a2a8c14626d708a871762ce6
  NMRangeSlider: 317ded652431eb90501c8421d9cddc3930d891e6
  SDVersion: c036f7890279d188c17f5701b9feea0d93b9f8ee
  SDWebImage: 69c6303e3348fba97e03f65d65d4fbc26740f461

COCOAPODS: 0.39.0
