<?xml version="1.0" encoding="UTF-8"?>
<!DOCTYPE plist PUBLIC "-//Apple//DTD PLIST 1.0//EN" "http://www.apple.com/DTDs/PropertyList-1.0.dtd">
<plist version="1.0">
<dict>
	<key>archiveVersion</key>
	<string>1</string>
	<key>classes</key>
	<dict/>
	<key>objectVersion</key>
	<string>46</string>
	<key>objects</key>
	<dict>
		<key>04FB2A1D5C3F7AF9ABB08717</key>
		<dict>
			<key>buildActionMask</key>
			<string>2147483647</string>
			<key>files</key>
			<array/>
			<key>inputPaths</key>
			<array/>
			<key>isa</key>
			<string>PBXShellScriptBuildPhase</string>
			<key>name</key>
			<string>Embed Pods Frameworks</string>
			<key>outputPaths</key>
			<array/>
			<key>runOnlyForDeploymentPostprocessing</key>
			<string>0</string>
			<key>shellPath</key>
			<string>/bin/sh</string>
			<key>shellScript</key>
			<string>"${SRCROOT}/Pods/Target Support Files/Pods-AviasalesSDKTemplateTests/Pods-AviasalesSDKTemplateTests-frameworks.sh"
</string>
			<key>showEnvVarsInLog</key>
			<string>0</string>
		</dict>
		<key>072CCA791CAABE73003A8834</key>
		<dict>
			<key>children</key>
			<array>
				<string>072CCA7A1CAABE73003A8834</string>
				<string>072CCA7B1CAABE73003A8834</string>
				<string>072CCA7C1CAABE73003A8834</string>
				<string>072CCA7E1CAABE73003A8834</string>
				<string>072CCA801CAABE73003A8834</string>
			</array>
			<key>isa</key>
			<string>PBXGroup</string>
			<key>path</key>
			<string>Resources</string>
			<key>sourceTree</key>
			<string>&lt;group&gt;</string>
		</dict>
		<key>072CCA7A1CAABE73003A8834</key>
		<dict>
			<key>isa</key>
			<string>PBXFileReference</string>
			<key>lastKnownFileType</key>
			<string>folder.assetcatalog</string>
			<key>path</key>
			<string>App.xcassets</string>
			<key>sourceTree</key>
			<string>&lt;group&gt;</string>
		</dict>
		<key>072CCA7B1CAABE73003A8834</key>
		<dict>
			<key>fileEncoding</key>
			<string>4</string>
			<key>isa</key>
			<string>PBXFileReference</string>
			<key>lastKnownFileType</key>
			<string>file.xib</string>
			<key>path</key>
			<string>AVSLaunchScreen.xib</string>
			<key>sourceTree</key>
			<string>&lt;group&gt;</string>
		</dict>
		<key>072CCA7C1CAABE73003A8834</key>
		<dict>
			<key>children</key>
			<array>
				<string>072CCA7D1CAABE73003A8834</string>
				<string>072CCA821CAABE73003A8834</string>
				<string>072CCA851CAABE73003A8834</string>
				<string>072CCA881CAABE73003A8834</string>
			</array>
			<key>isa</key>
			<string>PBXVariantGroup</string>
			<key>name</key>
			<string>Aviasales_top_airports.json</string>
			<key>sourceTree</key>
			<string>&lt;group&gt;</string>
		</dict>
		<key>072CCA7D1CAABE73003A8834</key>
		<dict>
			<key>isa</key>
			<string>PBXFileReference</string>
			<key>lastKnownFileType</key>
			<string>text.json</string>
			<key>name</key>
			<string>de</string>
			<key>path</key>
			<string>de.lproj/Aviasales_top_airports.json</string>
			<key>sourceTree</key>
			<string>&lt;group&gt;</string>
		</dict>
		<key>072CCA7E1CAABE73003A8834</key>
		<dict>
			<key>children</key>
			<array>
				<string>072CCA7F1CAABE73003A8834</string>
				<string>072CCA831CAABE73003A8834</string>
				<string>072CCA861CAABE73003A8834</string>
				<string>072CCA891CAABE73003A8834</string>
			</array>
			<key>isa</key>
			<string>PBXVariantGroup</string>
			<key>name</key>
			<string>AviasalesStaticLibLocalizable.strings</string>
			<key>sourceTree</key>
			<string>&lt;group&gt;</string>
		</dict>
		<key>072CCA7F1CAABE73003A8834</key>
		<dict>
			<key>isa</key>
			<string>PBXFileReference</string>
			<key>lastKnownFileType</key>
			<string>text.plist.strings</string>
			<key>name</key>
			<string>de</string>
			<key>path</key>
			<string>de.lproj/AviasalesStaticLibLocalizable.strings</string>
			<key>sourceTree</key>
			<string>&lt;group&gt;</string>
		</dict>
		<key>072CCA801CAABE73003A8834</key>
		<dict>
			<key>children</key>
			<array>
				<string>072CCA811CAABE73003A8834</string>
				<string>072CCA841CAABE73003A8834</string>
				<string>072CCA871CAABE73003A8834</string>
				<string>072CCA8A1CAABE73003A8834</string>
			</array>
			<key>isa</key>
			<string>PBXVariantGroup</string>
			<key>name</key>
			<string>AviasalesTemplateLocalizable.strings</string>
			<key>sourceTree</key>
			<string>&lt;group&gt;</string>
		</dict>
		<key>072CCA811CAABE73003A8834</key>
		<dict>
			<key>isa</key>
			<string>PBXFileReference</string>
			<key>lastKnownFileType</key>
			<string>text.plist.strings</string>
			<key>name</key>
			<string>de</string>
			<key>path</key>
			<string>de.lproj/AviasalesTemplateLocalizable.strings</string>
			<key>sourceTree</key>
			<string>&lt;group&gt;</string>
		</dict>
		<key>072CCA821CAABE73003A8834</key>
		<dict>
			<key>isa</key>
			<string>PBXFileReference</string>
			<key>lastKnownFileType</key>
			<string>text.json</string>
			<key>name</key>
			<string>en</string>
			<key>path</key>
			<string>en.lproj/Aviasales_top_airports.json</string>
			<key>sourceTree</key>
			<string>&lt;group&gt;</string>
		</dict>
		<key>072CCA831CAABE73003A8834</key>
		<dict>
			<key>isa</key>
			<string>PBXFileReference</string>
			<key>lastKnownFileType</key>
			<string>text.plist.strings</string>
			<key>name</key>
			<string>en</string>
			<key>path</key>
			<string>en.lproj/AviasalesStaticLibLocalizable.strings</string>
			<key>sourceTree</key>
			<string>&lt;group&gt;</string>
		</dict>
		<key>072CCA841CAABE73003A8834</key>
		<dict>
			<key>isa</key>
			<string>PBXFileReference</string>
			<key>lastKnownFileType</key>
			<string>text.plist.strings</string>
			<key>name</key>
			<string>en</string>
			<key>path</key>
			<string>en.lproj/AviasalesTemplateLocalizable.strings</string>
			<key>sourceTree</key>
			<string>&lt;group&gt;</string>
		</dict>
		<key>072CCA851CAABE73003A8834</key>
		<dict>
			<key>isa</key>
			<string>PBXFileReference</string>
			<key>lastKnownFileType</key>
			<string>text.json</string>
			<key>name</key>
			<string>es</string>
			<key>path</key>
			<string>es.lproj/Aviasales_top_airports.json</string>
			<key>sourceTree</key>
			<string>&lt;group&gt;</string>
		</dict>
		<key>072CCA861CAABE73003A8834</key>
		<dict>
			<key>isa</key>
			<string>PBXFileReference</string>
			<key>lastKnownFileType</key>
			<string>text.plist.strings</string>
			<key>name</key>
			<string>es</string>
			<key>path</key>
			<string>es.lproj/AviasalesStaticLibLocalizable.strings</string>
			<key>sourceTree</key>
			<string>&lt;group&gt;</string>
		</dict>
		<key>072CCA871CAABE73003A8834</key>
		<dict>
			<key>isa</key>
			<string>PBXFileReference</string>
			<key>lastKnownFileType</key>
			<string>text.plist.strings</string>
			<key>name</key>
			<string>es</string>
			<key>path</key>
			<string>es.lproj/AviasalesTemplateLocalizable.strings</string>
			<key>sourceTree</key>
			<string>&lt;group&gt;</string>
		</dict>
		<key>072CCA881CAABE73003A8834</key>
		<dict>
			<key>isa</key>
			<string>PBXFileReference</string>
			<key>lastKnownFileType</key>
			<string>text.json</string>
			<key>name</key>
			<string>ru</string>
			<key>path</key>
			<string>ru.lproj/Aviasales_top_airports.json</string>
			<key>sourceTree</key>
			<string>&lt;group&gt;</string>
		</dict>
		<key>072CCA891CAABE73003A8834</key>
		<dict>
			<key>isa</key>
			<string>PBXFileReference</string>
			<key>lastKnownFileType</key>
			<string>text.plist.strings</string>
			<key>name</key>
			<string>ru</string>
			<key>path</key>
			<string>ru.lproj/AviasalesStaticLibLocalizable.strings</string>
			<key>sourceTree</key>
			<string>&lt;group&gt;</string>
		</dict>
		<key>072CCA8A1CAABE73003A8834</key>
		<dict>
			<key>isa</key>
			<string>PBXFileReference</string>
			<key>lastKnownFileType</key>
			<string>text.plist.strings</string>
			<key>name</key>
			<string>ru</string>
			<key>path</key>
			<string>ru.lproj/AviasalesTemplateLocalizable.strings</string>
			<key>sourceTree</key>
			<string>&lt;group&gt;</string>
		</dict>
		<key>072CCA8B1CAABE73003A8834</key>
		<dict>
			<key>fileRef</key>
			<string>072CCA7A1CAABE73003A8834</string>
			<key>isa</key>
			<string>PBXBuildFile</string>
		</dict>
		<key>072CCA8C1CAABE73003A8834</key>
		<dict>
			<key>fileRef</key>
			<string>072CCA7B1CAABE73003A8834</string>
			<key>isa</key>
			<string>PBXBuildFile</string>
		</dict>
		<key>072CCA8D1CAABE73003A8834</key>
		<dict>
			<key>fileRef</key>
			<string>072CCA7C1CAABE73003A8834</string>
			<key>isa</key>
			<string>PBXBuildFile</string>
		</dict>
		<key>072CCA8E1CAABE73003A8834</key>
		<dict>
			<key>fileRef</key>
			<string>072CCA7E1CAABE73003A8834</string>
			<key>isa</key>
			<string>PBXBuildFile</string>
		</dict>
		<key>072CCA8F1CAABE73003A8834</key>
		<dict>
			<key>fileRef</key>
			<string>072CCA801CAABE73003A8834</string>
			<key>isa</key>
			<string>PBXBuildFile</string>
		</dict>
		<key>073E934D1CABD93200C880D7</key>
		<dict>
			<key>buildActionMask</key>
			<string>2147483647</string>
			<key>files</key>
			<array>
				<string>073E936B1CAC11B400C880D7</string>
			</array>
			<key>isa</key>
			<string>PBXSourcesBuildPhase</string>
			<key>runOnlyForDeploymentPostprocessing</key>
			<string>0</string>
		</dict>
		<key>073E934E1CABD93200C880D7</key>
		<dict>
			<key>buildActionMask</key>
			<string>2147483647</string>
			<key>files</key>
			<array>
				<string>2CEC34A59CE0F148FF2BAFD5</string>
			</array>
			<key>isa</key>
			<string>PBXFrameworksBuildPhase</string>
			<key>runOnlyForDeploymentPostprocessing</key>
			<string>0</string>
		</dict>
		<key>073E934F1CABD93200C880D7</key>
		<dict>
			<key>buildActionMask</key>
			<string>2147483647</string>
			<key>files</key>
			<array/>
			<key>isa</key>
			<string>PBXResourcesBuildPhase</string>
			<key>runOnlyForDeploymentPostprocessing</key>
			<string>0</string>
		</dict>
		<key>073E93501CABD93200C880D7</key>
		<dict>
			<key>buildConfigurationList</key>
			<string>073E935A1CABD93200C880D7</string>
			<key>buildPhases</key>
			<array>
				<string>E9FFB58869344A6DC68DFB25</string>
				<string>073E934D1CABD93200C880D7</string>
				<string>073E934E1CABD93200C880D7</string>
				<string>073E934F1CABD93200C880D7</string>
				<string>04FB2A1D5C3F7AF9ABB08717</string>
				<string>430863308817AACB979D83F9</string>
			</array>
			<key>buildRules</key>
			<array/>
			<key>dependencies</key>
			<array>
				<string>073E93571CABD93200C880D7</string>
			</array>
			<key>isa</key>
			<string>PBXNativeTarget</string>
			<key>name</key>
			<string>AviasalesSDKTemplateTests</string>
			<key>productName</key>
			<string>AviasalesSDKTemplateTests</string>
			<key>productReference</key>
			<string>073E93511CABD93200C880D7</string>
			<key>productType</key>
			<string>com.apple.product-type.bundle.unit-test</string>
		</dict>
		<key>073E93511CABD93200C880D7</key>
		<dict>
			<key>explicitFileType</key>
			<string>wrapper.cfbundle</string>
			<key>includeInIndex</key>
			<string>0</string>
			<key>isa</key>
			<string>PBXFileReference</string>
			<key>path</key>
			<string>AviasalesSDKTemplateTests.xctest</string>
			<key>sourceTree</key>
			<string>BUILT_PRODUCTS_DIR</string>
		</dict>
		<key>073E93521CABD93200C880D7</key>
		<dict>
			<key>children</key>
			<array>
				<string>073E93551CABD93200C880D7</string>
				<string>073E936A1CAC11B400C880D7</string>
			</array>
			<key>isa</key>
			<string>PBXGroup</string>
			<key>path</key>
			<string>AviasalesSDKTemplateTests</string>
			<key>sourceTree</key>
			<string>&lt;group&gt;</string>
		</dict>
		<key>073E93551CABD93200C880D7</key>
		<dict>
			<key>isa</key>
			<string>PBXFileReference</string>
			<key>lastKnownFileType</key>
			<string>text.plist.xml</string>
			<key>path</key>
			<string>Info.plist</string>
			<key>sourceTree</key>
			<string>&lt;group&gt;</string>
		</dict>
		<key>073E93561CABD93200C880D7</key>
		<dict>
			<key>containerPortal</key>
			<string>C60EC82F17E848DA00C5D52E</string>
			<key>isa</key>
			<string>PBXContainerItemProxy</string>
			<key>proxyType</key>
			<string>1</string>
			<key>remoteGlobalIDString</key>
			<string>C60EC83617E848DA00C5D52E</string>
			<key>remoteInfo</key>
			<string>AviasalesSDKTemplate</string>
		</dict>
		<key>073E93571CABD93200C880D7</key>
		<dict>
			<key>isa</key>
			<string>PBXTargetDependency</string>
			<key>target</key>
			<string>C60EC83617E848DA00C5D52E</string>
			<key>targetProxy</key>
			<string>073E93561CABD93200C880D7</string>
		</dict>
		<key>073E93581CABD93200C880D7</key>
		<dict>
			<key>baseConfigurationReference</key>
			<string>1600BD2538F037C2EE077B30</string>
			<key>buildSettings</key>
			<dict>
				<key>BUNDLE_LOADER</key>
				<string>$(TEST_HOST)</string>
				<key>CLANG_ANALYZER_NONNULL</key>
				<string>YES</string>
				<key>CLANG_WARN_UNREACHABLE_CODE</key>
				<string>YES</string>
				<key>DEBUG_INFORMATION_FORMAT</key>
				<string>dwarf</string>
				<key>ENABLE_STRICT_OBJC_MSGSEND</key>
				<string>YES</string>
				<key>ENABLE_TESTABILITY</key>
				<string>YES</string>
				<key>GCC_NO_COMMON_BLOCKS</key>
				<string>YES</string>
				<key>GCC_WARN_UNINITIALIZED_AUTOS</key>
				<string>YES_AGGRESSIVE</string>
				<key>INFOPLIST_FILE</key>
				<string>AviasalesSDKTemplateTests/Info.plist</string>
				<key>IPHONEOS_DEPLOYMENT_TARGET</key>
				<string>9.3</string>
				<key>LD_RUNPATH_SEARCH_PATHS</key>
				<string>$(inherited) @executable_path/Frameworks @loader_path/Frameworks</string>
				<key>MTL_ENABLE_DEBUG_INFO</key>
				<string>YES</string>
				<key>PRODUCT_BUNDLE_IDENTIFIER</key>
				<string>diniska.AviasalesSDKTemplateTests</string>
				<key>PRODUCT_NAME</key>
				<string>$(TARGET_NAME)</string>
				<key>TEST_HOST</key>
				<string>$(BUILT_PRODUCTS_DIR)/AviasalesSDKTemplate.app/AviasalesSDKTemplate</string>
			</dict>
			<key>isa</key>
			<string>XCBuildConfiguration</string>
			<key>name</key>
			<string>Debug</string>
		</dict>
		<key>073E93591CABD93200C880D7</key>
		<dict>
			<key>baseConfigurationReference</key>
			<string>3E183AE246B23B8C22C93785</string>
			<key>buildSettings</key>
			<dict>
				<key>BUNDLE_LOADER</key>
				<string>$(TEST_HOST)</string>
				<key>CLANG_ANALYZER_NONNULL</key>
				<string>YES</string>
				<key>CLANG_WARN_UNREACHABLE_CODE</key>
				<string>YES</string>
				<key>COPY_PHASE_STRIP</key>
				<string>NO</string>
				<key>DEBUG_INFORMATION_FORMAT</key>
				<string>dwarf-with-dsym</string>
				<key>ENABLE_STRICT_OBJC_MSGSEND</key>
				<string>YES</string>
				<key>GCC_NO_COMMON_BLOCKS</key>
				<string>YES</string>
				<key>GCC_WARN_UNINITIALIZED_AUTOS</key>
				<string>YES_AGGRESSIVE</string>
				<key>INFOPLIST_FILE</key>
				<string>AviasalesSDKTemplateTests/Info.plist</string>
				<key>IPHONEOS_DEPLOYMENT_TARGET</key>
				<string>9.3</string>
				<key>LD_RUNPATH_SEARCH_PATHS</key>
				<string>$(inherited) @executable_path/Frameworks @loader_path/Frameworks</string>
				<key>MTL_ENABLE_DEBUG_INFO</key>
				<string>NO</string>
				<key>PRODUCT_BUNDLE_IDENTIFIER</key>
				<string>diniska.AviasalesSDKTemplateTests</string>
				<key>PRODUCT_NAME</key>
				<string>$(TARGET_NAME)</string>
				<key>TEST_HOST</key>
				<string>$(BUILT_PRODUCTS_DIR)/AviasalesSDKTemplate.app/AviasalesSDKTemplate</string>
			</dict>
			<key>isa</key>
			<string>XCBuildConfiguration</string>
			<key>name</key>
			<string>Release</string>
		</dict>
		<key>073E935A1CABD93200C880D7</key>
		<dict>
			<key>buildConfigurations</key>
			<array>
				<string>073E93581CABD93200C880D7</string>
				<string>073E93591CABD93200C880D7</string>
			</array>
			<key>defaultConfigurationIsVisible</key>
			<string>0</string>
			<key>defaultConfigurationName</key>
			<string>Release</string>
			<key>isa</key>
			<string>XCConfigurationList</string>
		</dict>
		<key>073E936A1CAC11B400C880D7</key>
		<dict>
			<key>fileEncoding</key>
			<string>4</string>
			<key>isa</key>
			<string>PBXFileReference</string>
			<key>lastKnownFileType</key>
			<string>sourcecode.c.objc</string>
			<key>path</key>
			<string>AviasalesSearchParamsUrlCoderTests.m</string>
			<key>sourceTree</key>
			<string>&lt;group&gt;</string>
		</dict>
		<key>073E936B1CAC11B400C880D7</key>
		<dict>
			<key>fileRef</key>
			<string>073E936A1CAC11B400C880D7</string>
			<key>isa</key>
			<string>PBXBuildFile</string>
		</dict>
		<key>07F5C20A1CAD1D0B006BDF0A</key>
		<dict>
			<key>fileEncoding</key>
			<string>4</string>
			<key>isa</key>
			<string>PBXFileReference</string>
			<key>lastKnownFileType</key>
			<string>file.storyboard</string>
			<key>path</key>
			<string>ASTMain.storyboard</string>
			<key>sourceTree</key>
			<string>&lt;group&gt;</string>
		</dict>
		<key>07F5C20B1CAD1D0B006BDF0A</key>
		<dict>
			<key>fileRef</key>
			<string>07F5C20A1CAD1D0B006BDF0A</string>
			<key>isa</key>
			<string>PBXBuildFile</string>
		</dict>
		<key>106A8292329EA2FF7BA4656E</key>
		<dict>
			<key>includeInIndex</key>
			<string>1</string>
			<key>isa</key>
			<string>PBXFileReference</string>
			<key>lastKnownFileType</key>
			<string>text.xcconfig</string>
			<key>name</key>
			<string>Pods-AviasalesSDKTemplate.release.xcconfig</string>
			<key>path</key>
			<string>Pods/Target Support Files/Pods-AviasalesSDKTemplate/Pods-AviasalesSDKTemplate.release.xcconfig</string>
			<key>sourceTree</key>
			<string>&lt;group&gt;</string>
		</dict>
		<key>1600BD2538F037C2EE077B30</key>
		<dict>
			<key>includeInIndex</key>
			<string>1</string>
			<key>isa</key>
			<string>PBXFileReference</string>
			<key>lastKnownFileType</key>
			<string>text.xcconfig</string>
			<key>name</key>
			<string>Pods-AviasalesSDKTemplateTests.debug.xcconfig</string>
			<key>path</key>
			<string>Pods/Target Support Files/Pods-AviasalesSDKTemplateTests/Pods-AviasalesSDKTemplateTests.debug.xcconfig</string>
			<key>sourceTree</key>
			<string>&lt;group&gt;</string>
		</dict>
		<key>1E1BC3E822CC29FC120ACEBB</key>
		<dict>
			<key>buildActionMask</key>
			<string>2147483647</string>
			<key>files</key>
			<array/>
			<key>inputPaths</key>
			<array/>
			<key>isa</key>
			<string>PBXShellScriptBuildPhase</string>
			<key>name</key>
			<string>Copy Pods Resources</string>
			<key>outputPaths</key>
			<array/>
			<key>runOnlyForDeploymentPostprocessing</key>
			<string>0</string>
			<key>shellPath</key>
			<string>/bin/sh</string>
			<key>shellScript</key>
			<string>"${SRCROOT}/Pods/Target Support Files/Pods-AviasalesSDKTemplate/Pods-AviasalesSDKTemplate-resources.sh"
</string>
			<key>showEnvVarsInLog</key>
			<string>0</string>
		</dict>
		<key>2CEC34A59CE0F148FF2BAFD5</key>
		<dict>
			<key>fileRef</key>
			<string>A932ECE8B4290A995D90FA38</string>
			<key>isa</key>
			<string>PBXBuildFile</string>
		</dict>
		<key>3E183AE246B23B8C22C93785</key>
		<dict>
			<key>includeInIndex</key>
			<string>1</string>
			<key>isa</key>
			<string>PBXFileReference</string>
			<key>lastKnownFileType</key>
			<string>text.xcconfig</string>
			<key>name</key>
			<string>Pods-AviasalesSDKTemplateTests.release.xcconfig</string>
			<key>path</key>
			<string>Pods/Target Support Files/Pods-AviasalesSDKTemplateTests/Pods-AviasalesSDKTemplateTests.release.xcconfig</string>
			<key>sourceTree</key>
			<string>&lt;group&gt;</string>
		</dict>
		<key>430863308817AACB979D83F9</key>
		<dict>
			<key>buildActionMask</key>
			<string>2147483647</string>
			<key>files</key>
			<array/>
			<key>inputPaths</key>
			<array/>
			<key>isa</key>
			<string>PBXShellScriptBuildPhase</string>
			<key>name</key>
			<string>Copy Pods Resources</string>
			<key>outputPaths</key>
			<array/>
			<key>runOnlyForDeploymentPostprocessing</key>
			<string>0</string>
			<key>shellPath</key>
			<string>/bin/sh</string>
			<key>shellScript</key>
			<string>"${SRCROOT}/Pods/Target Support Files/Pods-AviasalesSDKTemplateTests/Pods-AviasalesSDKTemplateTests-resources.sh"
</string>
			<key>showEnvVarsInLog</key>
			<string>0</string>
		</dict>
		<key>628B762E2457AB2215DE9632</key>
		<dict>
			<key>children</key>
			<array>
				<string>78F0B7295E187DDC298DDA62</string>
				<string>106A8292329EA2FF7BA4656E</string>
				<string>1600BD2538F037C2EE077B30</string>
				<string>3E183AE246B23B8C22C93785</string>
			</array>
			<key>isa</key>
			<string>PBXGroup</string>
			<key>name</key>
			<string>Pods</string>
			<key>sourceTree</key>
			<string>&lt;group&gt;</string>
		</dict>
		<key>78F0B7295E187DDC298DDA62</key>
		<dict>
			<key>includeInIndex</key>
			<string>1</string>
			<key>isa</key>
			<string>PBXFileReference</string>
			<key>lastKnownFileType</key>
			<string>text.xcconfig</string>
			<key>name</key>
			<string>Pods-AviasalesSDKTemplate.debug.xcconfig</string>
			<key>path</key>
			<string>Pods/Target Support Files/Pods-AviasalesSDKTemplate/Pods-AviasalesSDKTemplate.debug.xcconfig</string>
			<key>sourceTree</key>
			<string>&lt;group&gt;</string>
		</dict>
		<key>799933DAD3E5554DDC2AF21D</key>
		<dict>
			<key>buildActionMask</key>
			<string>2147483647</string>
			<key>files</key>
			<array/>
			<key>inputPaths</key>
			<array/>
			<key>isa</key>
			<string>PBXShellScriptBuildPhase</string>
			<key>name</key>
			<string>Check Pods Manifest.lock</string>
			<key>outputPaths</key>
			<array/>
			<key>runOnlyForDeploymentPostprocessing</key>
			<string>0</string>
			<key>shellPath</key>
			<string>/bin/sh</string>
			<key>shellScript</key>
			<string>diff "${PODS_ROOT}/../Podfile.lock" "${PODS_ROOT}/Manifest.lock" &gt; /dev/null
if [[ $? != 0 ]] ; then
    cat &lt;&lt; EOM
error: The sandbox is not in sync with the Podfile.lock. Run 'pod install' or update your CocoaPods installation.
EOM
    exit 1
fi
</string>
			<key>showEnvVarsInLog</key>
			<string>0</string>
		</dict>
		<key>A932ECE8B4290A995D90FA38</key>
		<dict>
			<key>explicitFileType</key>
			<string>archive.ar</string>
			<key>includeInIndex</key>
			<string>0</string>
			<key>isa</key>
			<string>PBXFileReference</string>
			<key>path</key>
			<string>libPods-AviasalesSDKTemplateTests.a</string>
			<key>sourceTree</key>
			<string>BUILT_PRODUCTS_DIR</string>
		</dict>
		<key>BD570B90FEA871F9E1907159</key>
		<dict>
			<key>explicitFileType</key>
			<string>archive.ar</string>
			<key>includeInIndex</key>
			<string>0</string>
			<key>isa</key>
			<string>PBXFileReference</string>
			<key>path</key>
			<string>libPods-AviasalesSDKTemplate.a</string>
			<key>sourceTree</key>
			<string>BUILT_PRODUCTS_DIR</string>
		</dict>
		<key>C600CECD17FD7E1900697E47</key>
		<dict>
			<key>fileEncoding</key>
			<string>4</string>
			<key>isa</key>
			<string>PBXFileReference</string>
			<key>lastKnownFileType</key>
			<string>sourcecode.c.h</string>
			<key>path</key>
			<string>ASTSearchFormOptionsCell.h</string>
			<key>sourceTree</key>
			<string>&lt;group&gt;</string>
		</dict>
		<key>C600CECE17FD7E2300697E47</key>
		<dict>
			<key>fileEncoding</key>
			<string>4</string>
			<key>isa</key>
			<string>PBXFileReference</string>
			<key>lastKnownFileType</key>
			<string>sourcecode.c.objc</string>
			<key>path</key>
			<string>ASTSearchFormOptionsCell.m</string>
			<key>sourceTree</key>
			<string>&lt;group&gt;</string>
		</dict>
		<key>C600CECF17FD7E2300697E47</key>
		<dict>
			<key>fileRef</key>
			<string>C600CECE17FD7E2300697E47</string>
			<key>isa</key>
			<string>PBXBuildFile</string>
		</dict>
		<key>C600CED017FD7E2E00697E47</key>
		<dict>
			<key>fileEncoding</key>
			<string>4</string>
			<key>isa</key>
			<string>PBXFileReference</string>
			<key>lastKnownFileType</key>
			<string>file.xib</string>
			<key>path</key>
			<string>ASTSearchFormOptionsCell.xib</string>
			<key>sourceTree</key>
			<string>&lt;group&gt;</string>
		</dict>
		<key>C604811A1814F0DE0015FFEE</key>
		<dict>
			<key>fileEncoding</key>
			<string>4</string>
			<key>isa</key>
			<string>PBXFileReference</string>
			<key>lastKnownFileType</key>
			<string>sourcecode.c.h</string>
			<key>path</key>
			<string>ASTTicketScreen.h</string>
			<key>sourceTree</key>
			<string>&lt;group&gt;</string>
		</dict>
		<key>C604811B1814F0DE0015FFEE</key>
		<dict>
			<key>fileEncoding</key>
			<string>4</string>
			<key>isa</key>
			<string>PBXFileReference</string>
			<key>lastKnownFileType</key>
			<string>sourcecode.c.objc</string>
			<key>lineEnding</key>
			<string>0</string>
			<key>path</key>
			<string>ASTTicketScreen.m</string>
			<key>sourceTree</key>
			<string>&lt;group&gt;</string>
			<key>xcLanguageSpecificationIdentifier</key>
			<string>xcode.lang.objc</string>
		</dict>
		<key>C604811C1814F0DE0015FFEE</key>
		<dict>
			<key>fileEncoding</key>
			<string>4</string>
			<key>isa</key>
			<string>PBXFileReference</string>
			<key>lastKnownFileType</key>
			<string>file.xib</string>
			<key>path</key>
			<string>ASTTicketScreen.xib</string>
			<key>sourceTree</key>
			<string>&lt;group&gt;</string>
		</dict>
		<key>C604811D1814F0DE0015FFEE</key>
		<dict>
			<key>fileRef</key>
			<string>C604811B1814F0DE0015FFEE</string>
			<key>isa</key>
			<string>PBXBuildFile</string>
		</dict>
		<key>C60EC82E17E848DA00C5D52E</key>
		<dict>
			<key>children</key>
			<array>
				<string>C60EC84017E848DA00C5D52E</string>
				<string>073E93521CABD93200C880D7</string>
				<string>C60EC83917E848DA00C5D52E</string>
				<string>C60EC83817E848DA00C5D52E</string>
				<string>628B762E2457AB2215DE9632</string>
			</array>
			<key>isa</key>
			<string>PBXGroup</string>
			<key>sourceTree</key>
			<string>&lt;group&gt;</string>
		</dict>
		<key>C60EC82F17E848DA00C5D52E</key>
		<dict>
			<key>attributes</key>
			<dict>
				<key>CLASSPREFIX</key>
				<string>AST</string>
				<key>LastUpgradeCheck</key>
				<string>0730</string>
				<key>ORGANIZATIONNAME</key>
				<string>Go Travel Un LImited</string>
				<key>TargetAttributes</key>
				<dict>
					<key>073E93501CABD93200C880D7</key>
					<dict>
						<key>CreatedOnToolsVersion</key>
						<string>7.3</string>
						<key>TestTargetID</key>
						<string>C60EC83617E848DA00C5D52E</string>
					</dict>
				</dict>
			</dict>
			<key>buildConfigurationList</key>
			<string>C60EC83217E848DA00C5D52E</string>
			<key>compatibilityVersion</key>
			<string>Xcode 3.2</string>
			<key>developmentRegion</key>
			<string>English</string>
			<key>hasScannedForEncodings</key>
			<string>0</string>
			<key>isa</key>
			<string>PBXProject</string>
			<key>knownRegions</key>
			<array>
				<string>en</string>
				<string>Base</string>
				<string>de</string>
				<string>ru</string>
				<string>es</string>
			</array>
			<key>mainGroup</key>
			<string>C60EC82E17E848DA00C5D52E</string>
			<key>productRefGroup</key>
			<string>C60EC83817E848DA00C5D52E</string>
			<key>projectDirPath</key>
			<string></string>
			<key>projectReferences</key>
			<array/>
			<key>projectRoot</key>
			<string></string>
			<key>targets</key>
			<array>
				<string>C60EC83617E848DA00C5D52E</string>
				<string>073E93501CABD93200C880D7</string>
			</array>
		</dict>
		<key>C60EC83217E848DA00C5D52E</key>
		<dict>
			<key>buildConfigurations</key>
			<array>
				<string>C60EC86717E848DB00C5D52E</string>
				<string>C60EC86817E848DB00C5D52E</string>
			</array>
			<key>defaultConfigurationIsVisible</key>
			<string>0</string>
			<key>defaultConfigurationName</key>
			<string>Release</string>
			<key>isa</key>
			<string>XCConfigurationList</string>
		</dict>
		<key>C60EC83317E848DA00C5D52E</key>
		<dict>
			<key>buildActionMask</key>
			<string>2147483647</string>
			<key>files</key>
			<array>
				<string>C67B450218916CA2006CBA73</string>
				<string>C63BA9F71817F1FD007A4F00</string>
				<string>C6B74F99181FDBBB00FEF5B9</string>
				<string>C6A0977B18113DD500862C71</string>
				<string>C6B255D917F0228C00630769</string>
				<string>C63BA9EC1816B56E007A4F00</string>
				<string>C6B74F9B181FDBBB00FEF5B9</string>
				<string>C63BA9EF1816BA6A007A4F00</string>
				<string>C6ABB12617F0619B0086872F</string>
				<string>C6B74F9F181FDBBB00FEF5B9</string>
				<string>C63FD39B17F49292007FFBD9</string>
				<string>C6B74F75181EA14A00FEF5B9</string>
				<string>C6B74FC41820ED3600FEF5B9</string>
				<string>C645047617EC38AB00BF9E31</string>
				<string>C63FD38F17F338D3007FFBD9</string>
				<string>C63BA9F21817C778007A4F00</string>
				<string>C604811D1814F0DE0015FFEE</string>
				<string>C6B74F7F181FDA9100FEF5B9</string>
				<string>C60EC84717E848DA00C5D52E</string>
				<string>C60EC84B17E848DA00C5D52E</string>
				<string>C6B74F97181FDBBB00FEF5B9</string>
				<string>C6B74FA3181FDBBB00FEF5B9</string>
				<string>C600CECF17FD7E2300697E47</string>
				<string>C63FD38C17F338AC007FFBD9</string>
				<string>C6B74FA1181FDBBB00FEF5B9</string>
				<string>C6B74F9D181FDBBB00FEF5B9</string>
			</array>
			<key>isa</key>
			<string>PBXSourcesBuildPhase</string>
			<key>runOnlyForDeploymentPostprocessing</key>
			<string>0</string>
		</dict>
		<key>C60EC83417E848DA00C5D52E</key>
		<dict>
			<key>buildActionMask</key>
			<string>2147483647</string>
			<key>files</key>
			<array>
				<string>C67CC6FB17F31A55006C659C</string>
				<string>C60EC83D17E848DA00C5D52E</string>
				<string>C60EC83F17E848DA00C5D52E</string>
				<string>C60EC83B17E848DA00C5D52E</string>
				<string>DA159C833A453395FAF1CF5C</string>
			</array>
			<key>isa</key>
			<string>PBXFrameworksBuildPhase</string>
			<key>runOnlyForDeploymentPostprocessing</key>
			<string>0</string>
		</dict>
		<key>C60EC83517E848DA00C5D52E</key>
		<dict>
			<key>buildActionMask</key>
			<string>2147483647</string>
			<key>files</key>
			<array>
				<string>C6EA13D218313BB800E77589</string>
				<string>072CCA8D1CAABE73003A8834</string>
				<string>C6BA198C1827581C00BAD465</string>
				<string>C6BA198D1827581C00BAD465</string>
				<string>072CCA8C1CAABE73003A8834</string>
				<string>C6BA198E1827581C00BAD465</string>
				<string>C6BA198F1827581C00BAD465</string>
				<string>C62DCD0D186C80F10039C256</string>
				<string>C6BA19911827581C00BAD465</string>
				<string>C6BA19921827581C00BAD465</string>
				<string>072CCA8E1CAABE73003A8834</string>
				<string>C6BA19941827581C00BAD465</string>
				<string>072CCA8B1CAABE73003A8834</string>
				<string>C6BA19951827581C00BAD465</string>
				<string>C6BA19961827581C00BAD465</string>
				<string>C6BA19971827581C00BAD465</string>
				<string>C6BA19981827581C00BAD465</string>
				<string>072CCA8F1CAABE73003A8834</string>
				<string>C6BA19991827581C00BAD465</string>
				<string>C6BA199A1827581C00BAD465</string>
				<string>C62DCD0A186C79190039C256</string>
				<string>C6BA199B1827581C00BAD465</string>
				<string>C62408D11848C96D008D0D63</string>
				<string>C6BA199C1827581C00BAD465</string>
				<string>07F5C20B1CAD1D0B006BDF0A</string>
				<string>C6BA199D1827581C00BAD465</string>
				<string>C6BA199E1827581C00BAD465</string>
				<string>C6BA199F1827581C00BAD465</string>
				<string>C67B450318916CA2006CBA73</string>
				<string>C6BA19A01827581C00BAD465</string>
			</array>
			<key>isa</key>
			<string>PBXResourcesBuildPhase</string>
			<key>runOnlyForDeploymentPostprocessing</key>
			<string>0</string>
		</dict>
		<key>C60EC83617E848DA00C5D52E</key>
		<dict>
			<key>buildConfigurationList</key>
			<string>C60EC86917E848DB00C5D52E</string>
			<key>buildPhases</key>
			<array>
				<string>799933DAD3E5554DDC2AF21D</string>
				<string>C60EC83317E848DA00C5D52E</string>
				<string>C60EC83417E848DA00C5D52E</string>
				<string>C60EC83517E848DA00C5D52E</string>
				<string>E5E0B82FA99CFF9AD199612F</string>
				<string>1E1BC3E822CC29FC120ACEBB</string>
			</array>
			<key>buildRules</key>
			<array/>
			<key>dependencies</key>
			<array/>
			<key>isa</key>
			<string>PBXNativeTarget</string>
			<key>name</key>
			<string>AviasalesSDKTemplate</string>
			<key>productName</key>
			<string>AviasalesSDKTemplate</string>
			<key>productReference</key>
			<string>C60EC83717E848DA00C5D52E</string>
			<key>productType</key>
			<string>com.apple.product-type.application</string>
		</dict>
		<key>C60EC83717E848DA00C5D52E</key>
		<dict>
			<key>explicitFileType</key>
			<string>wrapper.application</string>
			<key>includeInIndex</key>
			<string>0</string>
			<key>isa</key>
			<string>PBXFileReference</string>
			<key>path</key>
			<string>AviasalesSDKTemplate.app</string>
			<key>sourceTree</key>
			<string>BUILT_PRODUCTS_DIR</string>
		</dict>
		<key>C60EC83817E848DA00C5D52E</key>
		<dict>
			<key>children</key>
			<array>
				<string>C60EC83717E848DA00C5D52E</string>
				<string>073E93511CABD93200C880D7</string>
			</array>
			<key>isa</key>
			<string>PBXGroup</string>
			<key>name</key>
			<string>Products</string>
			<key>sourceTree</key>
			<string>&lt;group&gt;</string>
		</dict>
		<key>C60EC83917E848DA00C5D52E</key>
		<dict>
			<key>children</key>
			<array>
				<string>C67CC6FA17F31A55006C659C</string>
				<string>C60EC83A17E848DA00C5D52E</string>
				<string>C60EC83C17E848DA00C5D52E</string>
				<string>C60EC83E17E848DA00C5D52E</string>
				<string>C6B751E018240B5400FEF5B9</string>
				<string>BD570B90FEA871F9E1907159</string>
				<string>A932ECE8B4290A995D90FA38</string>
			</array>
			<key>isa</key>
			<string>PBXGroup</string>
			<key>name</key>
			<string>Frameworks</string>
			<key>sourceTree</key>
			<string>&lt;group&gt;</string>
		</dict>
		<key>C60EC83A17E848DA00C5D52E</key>
		<dict>
			<key>isa</key>
			<string>PBXFileReference</string>
			<key>lastKnownFileType</key>
			<string>wrapper.framework</string>
			<key>name</key>
			<string>Foundation.framework</string>
			<key>path</key>
			<string>System/Library/Frameworks/Foundation.framework</string>
			<key>sourceTree</key>
			<string>SDKROOT</string>
		</dict>
		<key>C60EC83B17E848DA00C5D52E</key>
		<dict>
			<key>fileRef</key>
			<string>C60EC83A17E848DA00C5D52E</string>
			<key>isa</key>
			<string>PBXBuildFile</string>
		</dict>
		<key>C60EC83C17E848DA00C5D52E</key>
		<dict>
			<key>isa</key>
			<string>PBXFileReference</string>
			<key>lastKnownFileType</key>
			<string>wrapper.framework</string>
			<key>name</key>
			<string>CoreGraphics.framework</string>
			<key>path</key>
			<string>System/Library/Frameworks/CoreGraphics.framework</string>
			<key>sourceTree</key>
			<string>SDKROOT</string>
		</dict>
		<key>C60EC83D17E848DA00C5D52E</key>
		<dict>
			<key>fileRef</key>
			<string>C60EC83C17E848DA00C5D52E</string>
			<key>isa</key>
			<string>PBXBuildFile</string>
		</dict>
		<key>C60EC83E17E848DA00C5D52E</key>
		<dict>
			<key>isa</key>
			<string>PBXFileReference</string>
			<key>lastKnownFileType</key>
			<string>wrapper.framework</string>
			<key>name</key>
			<string>UIKit.framework</string>
			<key>path</key>
			<string>System/Library/Frameworks/UIKit.framework</string>
			<key>sourceTree</key>
			<string>SDKROOT</string>
		</dict>
		<key>C60EC83F17E848DA00C5D52E</key>
		<dict>
			<key>fileRef</key>
			<string>C60EC83E17E848DA00C5D52E</string>
			<key>isa</key>
			<string>PBXBuildFile</string>
		</dict>
		<key>C60EC84017E848DA00C5D52E</key>
		<dict>
			<key>children</key>
			<array>
				<string>072CCA791CAABE73003A8834</string>
				<string>C67B44FE18916C72006CBA73</string>
				<string>C6B750171823F30E00FEF5B9</string>
				<string>C6B750151823F29B00FEF5B9</string>
				<string>C6B750161823F2DF00FEF5B9</string>
				<string>C6B750191823F35700FEF5B9</string>
				<string>C6B750181823F32D00FEF5B9</string>
				<string>C63BA9EA1816B56E007A4F00</string>
				<string>C63BA9EB1816B56E007A4F00</string>
				<string>C63BA9ED1816BA6A007A4F00</string>
				<string>C63BA9EE1816BA6A007A4F00</string>
				<string>C60EC84917E848DA00C5D52E</string>
				<string>C60EC84A17E848DA00C5D52E</string>
				<string>07F5C20A1CAD1D0B006BDF0A</string>
				<string>C60EC84117E848DA00C5D52E</string>
				<string>C6B752251824123800FEF5B9</string>
			</array>
			<key>isa</key>
			<string>PBXGroup</string>
			<key>path</key>
			<string>AviasalesSDKTemplate</string>
			<key>sourceTree</key>
			<string>&lt;group&gt;</string>
		</dict>
		<key>C60EC84117E848DA00C5D52E</key>
		<dict>
			<key>children</key>
			<array>
				<string>C60EC84217E848DA00C5D52E</string>
				<string>C60EC84317E848DA00C5D52E</string>
				<string>C60EC84617E848DA00C5D52E</string>
				<string>C60EC84817E848DA00C5D52E</string>
			</array>
			<key>isa</key>
			<string>PBXGroup</string>
			<key>name</key>
			<string>Supporting Files</string>
			<key>sourceTree</key>
			<string>&lt;group&gt;</string>
		</dict>
		<key>C60EC84217E848DA00C5D52E</key>
		<dict>
			<key>isa</key>
			<string>PBXFileReference</string>
			<key>lastKnownFileType</key>
			<string>text.plist.xml</string>
			<key>path</key>
			<string>AviasalesSDKTemplate-Info.plist</string>
			<key>sourceTree</key>
			<string>&lt;group&gt;</string>
		</dict>
		<key>C60EC84317E848DA00C5D52E</key>
		<dict>
			<key>children</key>
			<array>
				<string>C60EC84417E848DA00C5D52E</string>
				<string>C6A6666A19ED4664000C6EAB</string>
				<string>C6A6666B19ED4665000C6EAB</string>
				<string>C6A6666C19ED4688000C6EAB</string>
			</array>
			<key>isa</key>
			<string>PBXVariantGroup</string>
			<key>name</key>
			<string>InfoPlist.strings</string>
			<key>sourceTree</key>
			<string>&lt;group&gt;</string>
		</dict>
		<key>C60EC84417E848DA00C5D52E</key>
		<dict>
			<key>isa</key>
			<string>PBXFileReference</string>
			<key>lastKnownFileType</key>
			<string>text.plist.strings</string>
			<key>name</key>
			<string>en</string>
			<key>path</key>
			<string>en.lproj/InfoPlist.strings</string>
			<key>sourceTree</key>
			<string>&lt;group&gt;</string>
		</dict>
		<key>C60EC84617E848DA00C5D52E</key>
		<dict>
			<key>isa</key>
			<string>PBXFileReference</string>
			<key>lastKnownFileType</key>
			<string>sourcecode.c.objc</string>
			<key>path</key>
			<string>main.m</string>
			<key>sourceTree</key>
			<string>&lt;group&gt;</string>
		</dict>
		<key>C60EC84717E848DA00C5D52E</key>
		<dict>
			<key>fileRef</key>
			<string>C60EC84617E848DA00C5D52E</string>
			<key>isa</key>
			<string>PBXBuildFile</string>
		</dict>
		<key>C60EC84817E848DA00C5D52E</key>
		<dict>
			<key>isa</key>
			<string>PBXFileReference</string>
			<key>lastKnownFileType</key>
			<string>sourcecode.c.h</string>
			<key>path</key>
			<string>AviasalesSDKTemplate-Prefix.pch</string>
			<key>sourceTree</key>
			<string>&lt;group&gt;</string>
		</dict>
		<key>C60EC84917E848DA00C5D52E</key>
		<dict>
			<key>isa</key>
			<string>PBXFileReference</string>
			<key>lastKnownFileType</key>
			<string>sourcecode.c.h</string>
			<key>path</key>
			<string>ASTAppDelegate.h</string>
			<key>sourceTree</key>
			<string>&lt;group&gt;</string>
		</dict>
		<key>C60EC84A17E848DA00C5D52E</key>
		<dict>
			<key>isa</key>
			<string>PBXFileReference</string>
			<key>lastKnownFileType</key>
			<string>sourcecode.c.objc</string>
			<key>path</key>
			<string>ASTAppDelegate.m</string>
			<key>sourceTree</key>
			<string>&lt;group&gt;</string>
		</dict>
		<key>C60EC84B17E848DA00C5D52E</key>
		<dict>
			<key>fileRef</key>
			<string>C60EC84A17E848DA00C5D52E</string>
			<key>isa</key>
			<string>PBXBuildFile</string>
		</dict>
		<key>C60EC86717E848DB00C5D52E</key>
		<dict>
			<key>buildSettings</key>
			<dict>
				<key>ALWAYS_SEARCH_USER_PATHS</key>
				<string>NO</string>
				<key>CLANG_CXX_LANGUAGE_STANDARD</key>
				<string>gnu++0x</string>
				<key>CLANG_CXX_LIBRARY</key>
				<string>libc++</string>
				<key>CLANG_ENABLE_MODULES</key>
				<string>YES</string>
				<key>CLANG_ENABLE_OBJC_ARC</key>
				<string>YES</string>
				<key>CLANG_WARN_BOOL_CONVERSION</key>
				<string>YES</string>
				<key>CLANG_WARN_CONSTANT_CONVERSION</key>
				<string>YES</string>
				<key>CLANG_WARN_DIRECT_OBJC_ISA_USAGE</key>
				<string>YES_ERROR</string>
				<key>CLANG_WARN_EMPTY_BODY</key>
				<string>YES</string>
				<key>CLANG_WARN_ENUM_CONVERSION</key>
				<string>YES</string>
				<key>CLANG_WARN_INT_CONVERSION</key>
				<string>YES</string>
				<key>CLANG_WARN_OBJC_ROOT_CLASS</key>
				<string>YES_ERROR</string>
				<key>CLANG_WARN__DUPLICATE_METHOD_MATCH</key>
				<string>YES</string>
				<key>CODE_SIGN_IDENTITY[sdk=iphoneos*]</key>
				<string>iPhone Developer</string>
				<key>COPY_PHASE_STRIP</key>
				<string>NO</string>
				<key>ENABLE_TESTABILITY</key>
				<string>YES</string>
				<key>GCC_C_LANGUAGE_STANDARD</key>
				<string>gnu99</string>
				<key>GCC_DYNAMIC_NO_PIC</key>
				<string>NO</string>
				<key>GCC_OPTIMIZATION_LEVEL</key>
				<string>0</string>
				<key>GCC_PREPROCESSOR_DEFINITIONS</key>
				<array>
					<string>DEBUG=1</string>
					<string>$(inherited)</string>
				</array>
				<key>GCC_SYMBOLS_PRIVATE_EXTERN</key>
				<string>NO</string>
				<key>GCC_WARN_64_TO_32_BIT_CONVERSION</key>
				<string>YES</string>
				<key>GCC_WARN_ABOUT_RETURN_TYPE</key>
				<string>YES_ERROR</string>
				<key>GCC_WARN_UNDECLARED_SELECTOR</key>
				<string>YES</string>
				<key>GCC_WARN_UNINITIALIZED_AUTOS</key>
				<string>YES</string>
				<key>GCC_WARN_UNUSED_FUNCTION</key>
				<string>YES</string>
				<key>GCC_WARN_UNUSED_VARIABLE</key>
				<string>YES</string>
				<key>IPHONEOS_DEPLOYMENT_TARGET</key>
				<string>7.0</string>
				<key>ONLY_ACTIVE_ARCH</key>
				<string>YES</string>
				<key>SDKROOT</key>
				<string>iphoneos</string>
			</dict>
			<key>isa</key>
			<string>XCBuildConfiguration</string>
			<key>name</key>
			<string>Debug</string>
		</dict>
		<key>C60EC86817E848DB00C5D52E</key>
		<dict>
			<key>buildSettings</key>
			<dict>
				<key>ALWAYS_SEARCH_USER_PATHS</key>
				<string>NO</string>
				<key>CLANG_CXX_LANGUAGE_STANDARD</key>
				<string>gnu++0x</string>
				<key>CLANG_CXX_LIBRARY</key>
				<string>libc++</string>
				<key>CLANG_ENABLE_MODULES</key>
				<string>YES</string>
				<key>CLANG_ENABLE_OBJC_ARC</key>
				<string>YES</string>
				<key>CLANG_WARN_BOOL_CONVERSION</key>
				<string>YES</string>
				<key>CLANG_WARN_CONSTANT_CONVERSION</key>
				<string>YES</string>
				<key>CLANG_WARN_DIRECT_OBJC_ISA_USAGE</key>
				<string>YES_ERROR</string>
				<key>CLANG_WARN_EMPTY_BODY</key>
				<string>YES</string>
				<key>CLANG_WARN_ENUM_CONVERSION</key>
				<string>YES</string>
				<key>CLANG_WARN_INT_CONVERSION</key>
				<string>YES</string>
				<key>CLANG_WARN_OBJC_ROOT_CLASS</key>
				<string>YES_ERROR</string>
				<key>CLANG_WARN__DUPLICATE_METHOD_MATCH</key>
				<string>YES</string>
				<key>CODE_SIGN_IDENTITY[sdk=iphoneos*]</key>
				<string>iPhone Developer</string>
				<key>COPY_PHASE_STRIP</key>
				<string>YES</string>
				<key>ENABLE_NS_ASSERTIONS</key>
				<string>NO</string>
				<key>GCC_C_LANGUAGE_STANDARD</key>
				<string>gnu99</string>
				<key>GCC_WARN_64_TO_32_BIT_CONVERSION</key>
				<string>YES</string>
				<key>GCC_WARN_ABOUT_RETURN_TYPE</key>
				<string>YES_ERROR</string>
				<key>GCC_WARN_UNDECLARED_SELECTOR</key>
				<string>YES</string>
				<key>GCC_WARN_UNINITIALIZED_AUTOS</key>
				<string>YES</string>
				<key>GCC_WARN_UNUSED_FUNCTION</key>
				<string>YES</string>
				<key>GCC_WARN_UNUSED_VARIABLE</key>
				<string>YES</string>
				<key>IPHONEOS_DEPLOYMENT_TARGET</key>
				<string>7.0</string>
				<key>SDKROOT</key>
				<string>iphoneos</string>
				<key>VALIDATE_PRODUCT</key>
				<string>YES</string>
			</dict>
			<key>isa</key>
			<string>XCBuildConfiguration</string>
			<key>name</key>
			<string>Release</string>
		</dict>
		<key>C60EC86917E848DB00C5D52E</key>
		<dict>
			<key>buildConfigurations</key>
			<array>
				<string>C60EC86A17E848DB00C5D52E</string>
				<string>C60EC86B17E848DB00C5D52E</string>
			</array>
			<key>defaultConfigurationIsVisible</key>
			<string>0</string>
			<key>defaultConfigurationName</key>
			<string>Release</string>
			<key>isa</key>
			<string>XCConfigurationList</string>
		</dict>
		<key>C60EC86A17E848DB00C5D52E</key>
		<dict>
			<key>baseConfigurationReference</key>
			<string>78F0B7295E187DDC298DDA62</string>
			<key>buildSettings</key>
			<dict>
				<key>ASSETCATALOG_COMPILER_APPICON_NAME</key>
				<string>AppIcon</string>
				<key>ASSETCATALOG_COMPILER_LAUNCHIMAGE_NAME</key>
				<string>LaunchImage</string>
				<key>CLANG_ENABLE_MODULES</key>
				<string>YES</string>
				<key>DEBUG_INFORMATION_FORMAT</key>
				<string>dwarf</string>
				<key>ENABLE_BITCODE</key>
				<string>NO</string>
				<key>GCC_PRECOMPILE_PREFIX_HEADER</key>
				<string>NO</string>
				<key>GCC_PREFIX_HEADER</key>
				<string>AviasalesSDKTemplate/AviasalesSDKTemplate-Prefix.pch</string>
				<key>INFOPLIST_FILE</key>
				<string>AviasalesSDKTemplate/AviasalesSDKTemplate-Info.plist</string>
				<key>IPHONEOS_DEPLOYMENT_TARGET</key>
				<string>7.0</string>
				<key>LIBRARY_SEARCH_PATHS</key>
				<array>
					<string>$(inherited)</string>
					<string>$(SDKROOT)/usr/lib/system</string>
					<string>$(SRCROOT)/AviasalesLib</string>
					<string>$(PROJECT_DIR)/AviasalesLib</string>
				</array>
				<key>PRODUCT_BUNDLE_IDENTIFIER</key>
				<string>ru.aviasales.promo</string>
				<key>PRODUCT_NAME</key>
				<string>$(TARGET_NAME)</string>
				<key>SKIP_INSTALL</key>
				<string>YES</string>
				<key>STRIP_STYLE</key>
				<string>all</string>
				<key>WRAPPER_EXTENSION</key>
				<string>app</string>
			</dict>
			<key>isa</key>
			<string>XCBuildConfiguration</string>
			<key>name</key>
			<string>Debug</string>
		</dict>
		<key>C60EC86B17E848DB00C5D52E</key>
		<dict>
			<key>baseConfigurationReference</key>
			<string>106A8292329EA2FF7BA4656E</string>
			<key>buildSettings</key>
			<dict>
				<key>ASSETCATALOG_COMPILER_APPICON_NAME</key>
				<string>AppIcon</string>
				<key>ASSETCATALOG_COMPILER_LAUNCHIMAGE_NAME</key>
				<string>LaunchImage</string>
				<key>CLANG_ENABLE_MODULES</key>
				<string>YES</string>
				<key>CODE_SIGN_IDENTITY</key>
				<string>iPhone Distribution: Go Travel Un Limited</string>
				<key>ENABLE_BITCODE</key>
				<string>NO</string>
				<key>GCC_PRECOMPILE_PREFIX_HEADER</key>
				<string>NO</string>
				<key>GCC_PREFIX_HEADER</key>
				<string>AviasalesSDKTemplate/AviasalesSDKTemplate-Prefix.pch</string>
				<key>INFOPLIST_FILE</key>
				<string>AviasalesSDKTemplate/AviasalesSDKTemplate-Info.plist</string>
				<key>IPHONEOS_DEPLOYMENT_TARGET</key>
				<string>7.0</string>
				<key>LIBRARY_SEARCH_PATHS</key>
				<array>
					<string>$(inherited)</string>
					<string>$(SDKROOT)/usr/lib/system</string>
					<string>$(SRCROOT)/AviasalesLib</string>
					<string>$(PROJECT_DIR)/AviasalesLib</string>
				</array>
				<key>PRODUCT_BUNDLE_IDENTIFIER</key>
				<string>ru.aviasales.promo</string>
				<key>PRODUCT_NAME</key>
				<string>$(TARGET_NAME)</string>
				<key>SKIP_INSTALL</key>
				<string>YES</string>
				<key>STRIP_STYLE</key>
				<string>all</string>
				<key>WRAPPER_EXTENSION</key>
				<string>app</string>
			</dict>
			<key>isa</key>
			<string>XCBuildConfiguration</string>
			<key>name</key>
			<string>Release</string>
		</dict>
		<key>C62408D01848C96D008D0D63</key>
		<dict>
			<key>fileEncoding</key>
			<string>4</string>
			<key>isa</key>
			<string>PBXFileReference</string>
			<key>lastKnownFileType</key>
			<string>file.xib</string>
			<key>path</key>
			<string>ASTResultsTicketCellOneWay.xib</string>
			<key>sourceTree</key>
			<string>&lt;group&gt;</string>
		</dict>
		<key>C62408D11848C96D008D0D63</key>
		<dict>
			<key>fileRef</key>
			<string>C62408D01848C96D008D0D63</string>
			<key>isa</key>
			<string>PBXBuildFile</string>
		</dict>
		<key>C62DCD09186C79190039C256</key>
		<dict>
			<key>fileEncoding</key>
			<string>4</string>
			<key>isa</key>
			<string>PBXFileReference</string>
			<key>lastKnownFileType</key>
			<string>file.xib</string>
			<key>path</key>
			<string>ASTResultsTabBar.xib</string>
			<key>sourceTree</key>
			<string>&lt;group&gt;</string>
		</dict>
		<key>C62DCD0A186C79190039C256</key>
		<dict>
			<key>fileRef</key>
			<string>C62DCD09186C79190039C256</string>
			<key>isa</key>
			<string>PBXBuildFile</string>
		</dict>
		<key>C62DCD0C186C80F10039C256</key>
		<dict>
			<key>fileEncoding</key>
			<string>4</string>
			<key>isa</key>
			<string>PBXFileReference</string>
			<key>lastKnownFileType</key>
			<string>file.xib</string>
			<key>path</key>
			<string>ASTFiltersTabBar.xib</string>
			<key>sourceTree</key>
			<string>&lt;group&gt;</string>
		</dict>
		<key>C62DCD0D186C80F10039C256</key>
		<dict>
			<key>fileRef</key>
			<string>C62DCD0C186C80F10039C256</string>
			<key>isa</key>
			<string>PBXBuildFile</string>
		</dict>
		<key>C63BA9EA1816B56E007A4F00</key>
		<dict>
			<key>fileEncoding</key>
			<string>4</string>
			<key>isa</key>
			<string>PBXFileReference</string>
			<key>lastKnownFileType</key>
			<string>sourcecode.c.h</string>
			<key>path</key>
			<string>ASTCommonFunctions.h</string>
			<key>sourceTree</key>
			<string>&lt;group&gt;</string>
		</dict>
		<key>C63BA9EB1816B56E007A4F00</key>
		<dict>
			<key>fileEncoding</key>
			<string>4</string>
			<key>isa</key>
			<string>PBXFileReference</string>
			<key>lastKnownFileType</key>
			<string>sourcecode.c.objc</string>
			<key>path</key>
			<string>ASTCommonFunctions.m</string>
			<key>sourceTree</key>
			<string>&lt;group&gt;</string>
		</dict>
		<key>C63BA9EC1816B56E007A4F00</key>
		<dict>
			<key>fileRef</key>
			<string>C63BA9EB1816B56E007A4F00</string>
			<key>isa</key>
			<string>PBXBuildFile</string>
		</dict>
		<key>C63BA9ED1816BA6A007A4F00</key>
		<dict>
			<key>fileEncoding</key>
			<string>4</string>
			<key>isa</key>
			<string>PBXFileReference</string>
			<key>lastKnownFileType</key>
			<string>sourcecode.c.h</string>
			<key>path</key>
			<string>ASTSearchParams.h</string>
			<key>sourceTree</key>
			<string>&lt;group&gt;</string>
		</dict>
		<key>C63BA9EE1816BA6A007A4F00</key>
		<dict>
			<key>fileEncoding</key>
			<string>4</string>
			<key>isa</key>
			<string>PBXFileReference</string>
			<key>lastKnownFileType</key>
			<string>sourcecode.c.objc</string>
			<key>path</key>
			<string>ASTSearchParams.m</string>
			<key>sourceTree</key>
			<string>&lt;group&gt;</string>
		</dict>
		<key>C63BA9EF1816BA6A007A4F00</key>
		<dict>
			<key>fileRef</key>
			<string>C63BA9EE1816BA6A007A4F00</string>
			<key>isa</key>
			<string>PBXBuildFile</string>
		</dict>
		<key>C63BA9F01817C76F007A4F00</key>
		<dict>
			<key>fileEncoding</key>
			<string>4</string>
			<key>isa</key>
			<string>PBXFileReference</string>
			<key>lastKnownFileType</key>
			<string>sourcecode.c.h</string>
			<key>path</key>
			<string>ASTFlightCell.h</string>
			<key>sourceTree</key>
			<string>&lt;group&gt;</string>
		</dict>
		<key>C63BA9F11817C778007A4F00</key>
		<dict>
			<key>fileEncoding</key>
			<string>4</string>
			<key>isa</key>
			<string>PBXFileReference</string>
			<key>lastKnownFileType</key>
			<string>sourcecode.c.objc</string>
			<key>path</key>
			<string>ASTFlightCell.m</string>
			<key>sourceTree</key>
			<string>&lt;group&gt;</string>
		</dict>
		<key>C63BA9F21817C778007A4F00</key>
		<dict>
			<key>fileRef</key>
			<string>C63BA9F11817C778007A4F00</string>
			<key>isa</key>
			<string>PBXBuildFile</string>
		</dict>
		<key>C63BA9F31817C781007A4F00</key>
		<dict>
			<key>fileEncoding</key>
			<string>4</string>
			<key>isa</key>
			<string>PBXFileReference</string>
			<key>lastKnownFileType</key>
			<string>file.xib</string>
			<key>path</key>
			<string>ASTFlightCell.xib</string>
			<key>sourceTree</key>
			<string>&lt;group&gt;</string>
		</dict>
		<key>C63BA9F51817F1F1007A4F00</key>
		<dict>
			<key>fileEncoding</key>
			<string>4</string>
			<key>isa</key>
			<string>PBXFileReference</string>
			<key>lastKnownFileType</key>
			<string>sourcecode.c.h</string>
			<key>path</key>
			<string>ASTStopoverCell.h</string>
			<key>sourceTree</key>
			<string>&lt;group&gt;</string>
		</dict>
		<key>C63BA9F61817F1FD007A4F00</key>
		<dict>
			<key>fileEncoding</key>
			<string>4</string>
			<key>isa</key>
			<string>PBXFileReference</string>
			<key>lastKnownFileType</key>
			<string>sourcecode.c.objc</string>
			<key>path</key>
			<string>ASTStopoverCell.m</string>
			<key>sourceTree</key>
			<string>&lt;group&gt;</string>
		</dict>
		<key>C63BA9F71817F1FD007A4F00</key>
		<dict>
			<key>fileRef</key>
			<string>C63BA9F61817F1FD007A4F00</string>
			<key>isa</key>
			<string>PBXBuildFile</string>
		</dict>
		<key>C63BA9F81817F206007A4F00</key>
		<dict>
			<key>fileEncoding</key>
			<string>4</string>
			<key>isa</key>
			<string>PBXFileReference</string>
			<key>lastKnownFileType</key>
			<string>file.xib</string>
			<key>path</key>
			<string>ASTStopoverCell.xib</string>
			<key>sourceTree</key>
			<string>&lt;group&gt;</string>
		</dict>
		<key>C63FD38A17F338AC007FFBD9</key>
		<dict>
			<key>fileEncoding</key>
			<string>4</string>
			<key>isa</key>
			<string>PBXFileReference</string>
			<key>lastKnownFileType</key>
			<string>sourcecode.c.h</string>
			<key>path</key>
			<string>ASTAirportPickerSearchingCell.h</string>
			<key>sourceTree</key>
			<string>&lt;group&gt;</string>
		</dict>
		<key>C63FD38B17F338AC007FFBD9</key>
		<dict>
			<key>fileEncoding</key>
			<string>4</string>
			<key>isa</key>
			<string>PBXFileReference</string>
			<key>lastKnownFileType</key>
			<string>sourcecode.c.objc</string>
			<key>path</key>
			<string>ASTAirportPickerSearchingCell.m</string>
			<key>sourceTree</key>
			<string>&lt;group&gt;</string>
		</dict>
		<key>C63FD38C17F338AC007FFBD9</key>
		<dict>
			<key>fileRef</key>
			<string>C63FD38B17F338AC007FFBD9</string>
			<key>isa</key>
			<string>PBXBuildFile</string>
		</dict>
		<key>C63FD38D17F338C4007FFBD9</key>
		<dict>
			<key>fileEncoding</key>
			<string>4</string>
			<key>isa</key>
			<string>PBXFileReference</string>
			<key>lastKnownFileType</key>
			<string>sourcecode.c.h</string>
			<key>path</key>
			<string>ASTAirportPickerEmptyCell.h</string>
			<key>sourceTree</key>
			<string>&lt;group&gt;</string>
		</dict>
		<key>C63FD38E17F338D3007FFBD9</key>
		<dict>
			<key>fileEncoding</key>
			<string>4</string>
			<key>isa</key>
			<string>PBXFileReference</string>
			<key>lastKnownFileType</key>
			<string>sourcecode.c.objc</string>
			<key>path</key>
			<string>ASTAirportPickerEmptyCell.m</string>
			<key>sourceTree</key>
			<string>&lt;group&gt;</string>
		</dict>
		<key>C63FD38F17F338D3007FFBD9</key>
		<dict>
			<key>fileRef</key>
			<string>C63FD38E17F338D3007FFBD9</string>
			<key>isa</key>
			<string>PBXBuildFile</string>
		</dict>
		<key>C63FD39017F338DA007FFBD9</key>
		<dict>
			<key>fileEncoding</key>
			<string>4</string>
			<key>isa</key>
			<string>PBXFileReference</string>
			<key>lastKnownFileType</key>
			<string>file.xib</string>
			<key>path</key>
			<string>ASTAirportPickerEmptyCell.xib</string>
			<key>sourceTree</key>
			<string>&lt;group&gt;</string>
		</dict>
		<key>C63FD39917F4928C007FFBD9</key>
		<dict>
			<key>fileEncoding</key>
			<string>4</string>
			<key>isa</key>
			<string>PBXFileReference</string>
			<key>lastKnownFileType</key>
			<string>sourcecode.c.h</string>
			<key>path</key>
			<string>ASTSearchFormDateCell.h</string>
			<key>sourceTree</key>
			<string>&lt;group&gt;</string>
		</dict>
		<key>C63FD39A17F49292007FFBD9</key>
		<dict>
			<key>fileEncoding</key>
			<string>4</string>
			<key>isa</key>
			<string>PBXFileReference</string>
			<key>lastKnownFileType</key>
			<string>sourcecode.c.objc</string>
			<key>path</key>
			<string>ASTSearchFormDateCell.m</string>
			<key>sourceTree</key>
			<string>&lt;group&gt;</string>
		</dict>
		<key>C63FD39B17F49292007FFBD9</key>
		<dict>
			<key>fileRef</key>
			<string>C63FD39A17F49292007FFBD9</string>
			<key>isa</key>
			<string>PBXBuildFile</string>
		</dict>
		<key>C63FD39C17F49297007FFBD9</key>
		<dict>
			<key>fileEncoding</key>
			<string>4</string>
			<key>isa</key>
			<string>PBXFileReference</string>
			<key>lastKnownFileType</key>
			<string>file.xib</string>
			<key>path</key>
			<string>ASTSearchFormDateCell.xib</string>
			<key>sourceTree</key>
			<string>&lt;group&gt;</string>
		</dict>
		<key>C645047417EC38AB00BF9E31</key>
		<dict>
			<key>fileEncoding</key>
			<string>4</string>
			<key>isa</key>
			<string>PBXFileReference</string>
			<key>lastKnownFileType</key>
			<string>sourcecode.c.h</string>
			<key>path</key>
			<string>ASTSearchForm.h</string>
			<key>sourceTree</key>
			<string>&lt;group&gt;</string>
		</dict>
		<key>C645047517EC38AB00BF9E31</key>
		<dict>
			<key>fileEncoding</key>
			<string>4</string>
			<key>isa</key>
			<string>PBXFileReference</string>
			<key>lastKnownFileType</key>
			<string>sourcecode.c.objc</string>
			<key>lineEnding</key>
			<string>0</string>
			<key>path</key>
			<string>ASTSearchForm.m</string>
			<key>sourceTree</key>
			<string>&lt;group&gt;</string>
			<key>xcLanguageSpecificationIdentifier</key>
			<string>xcode.lang.objc</string>
		</dict>
		<key>C645047617EC38AB00BF9E31</key>
		<dict>
			<key>fileRef</key>
			<string>C645047517EC38AB00BF9E31</string>
			<key>isa</key>
			<string>PBXBuildFile</string>
		</dict>
		<key>C67B44FE18916C72006CBA73</key>
		<dict>
			<key>children</key>
			<array>
				<string>C67B44FF18916CA2006CBA73</string>
				<string>C67B450018916CA2006CBA73</string>
				<string>C67B450118916CA2006CBA73</string>
			</array>
			<key>isa</key>
			<string>PBXGroup</string>
			<key>name</key>
			<string>Browser</string>
			<key>sourceTree</key>
			<string>&lt;group&gt;</string>
		</dict>
		<key>C67B44FF18916CA2006CBA73</key>
		<dict>
			<key>fileEncoding</key>
			<string>4</string>
			<key>isa</key>
			<string>PBXFileReference</string>
			<key>lastKnownFileType</key>
			<string>sourcecode.c.h</string>
			<key>path</key>
			<string>ASTWebBrowserViewController.h</string>
			<key>sourceTree</key>
			<string>&lt;group&gt;</string>
		</dict>
		<key>C67B450018916CA2006CBA73</key>
		<dict>
			<key>fileEncoding</key>
			<string>4</string>
			<key>isa</key>
			<string>PBXFileReference</string>
			<key>lastKnownFileType</key>
			<string>sourcecode.c.objc</string>
			<key>path</key>
			<string>ASTWebBrowserViewController.m</string>
			<key>sourceTree</key>
			<string>&lt;group&gt;</string>
		</dict>
		<key>C67B450118916CA2006CBA73</key>
		<dict>
			<key>fileEncoding</key>
			<string>4</string>
			<key>isa</key>
			<string>PBXFileReference</string>
			<key>lastKnownFileType</key>
			<string>file.xib</string>
			<key>path</key>
			<string>ASTWebBrowserViewController.xib</string>
			<key>sourceTree</key>
			<string>&lt;group&gt;</string>
		</dict>
		<key>C67B450218916CA2006CBA73</key>
		<dict>
			<key>fileRef</key>
			<string>C67B450018916CA2006CBA73</string>
			<key>isa</key>
			<string>PBXBuildFile</string>
		</dict>
		<key>C67B450318916CA2006CBA73</key>
		<dict>
			<key>fileRef</key>
			<string>C67B450118916CA2006CBA73</string>
			<key>isa</key>
			<string>PBXBuildFile</string>
		</dict>
		<key>C67CC6EC17F1EF1B006C659C</key>
		<dict>
			<key>fileEncoding</key>
			<string>4</string>
			<key>isa</key>
			<string>PBXFileReference</string>
			<key>lastKnownFileType</key>
			<string>file.xib</string>
			<key>path</key>
			<string>ASTAirportPickerCell.xib</string>
			<key>sourceTree</key>
			<string>&lt;group&gt;</string>
		</dict>
		<key>C67CC6FA17F31A55006C659C</key>
		<dict>
			<key>isa</key>
			<string>PBXFileReference</string>
			<key>lastKnownFileType</key>
			<string>wrapper.framework</string>
			<key>name</key>
			<string>CoreLocation.framework</string>
			<key>path</key>
			<string>System/Library/Frameworks/CoreLocation.framework</string>
			<key>sourceTree</key>
			<string>SDKROOT</string>
		</dict>
		<key>C67CC6FB17F31A55006C659C</key>
		<dict>
			<key>fileRef</key>
			<string>C67CC6FA17F31A55006C659C</string>
			<key>isa</key>
			<string>PBXBuildFile</string>
		</dict>
		<key>C6A0977918113DD500862C71</key>
		<dict>
			<key>fileEncoding</key>
			<string>4</string>
			<key>isa</key>
			<string>PBXFileReference</string>
			<key>lastKnownFileType</key>
			<string>sourcecode.c.h</string>
			<key>path</key>
			<string>ASTResultsTicketCell.h</string>
			<key>sourceTree</key>
			<string>&lt;group&gt;</string>
		</dict>
		<key>C6A0977A18113DD500862C71</key>
		<dict>
			<key>fileEncoding</key>
			<string>4</string>
			<key>isa</key>
			<string>PBXFileReference</string>
			<key>lastKnownFileType</key>
			<string>sourcecode.c.objc</string>
			<key>path</key>
			<string>ASTResultsTicketCell.m</string>
			<key>sourceTree</key>
			<string>&lt;group&gt;</string>
		</dict>
		<key>C6A0977B18113DD500862C71</key>
		<dict>
			<key>fileRef</key>
			<string>C6A0977A18113DD500862C71</string>
			<key>isa</key>
			<string>PBXBuildFile</string>
		</dict>
		<key>C6A0977C18113DEA00862C71</key>
		<dict>
			<key>fileEncoding</key>
			<string>4</string>
			<key>isa</key>
			<string>PBXFileReference</string>
			<key>lastKnownFileType</key>
			<string>file.xib</string>
			<key>path</key>
			<string>ASTResultsTicketCell.xib</string>
			<key>sourceTree</key>
			<string>&lt;group&gt;</string>
		</dict>
		<key>C6A6666A19ED4664000C6EAB</key>
		<dict>
			<key>isa</key>
			<string>PBXFileReference</string>
			<key>lastKnownFileType</key>
			<string>text.plist.strings</string>
			<key>name</key>
			<string>de</string>
			<key>path</key>
			<string>de.lproj/InfoPlist.strings</string>
			<key>sourceTree</key>
			<string>&lt;group&gt;</string>
		</dict>
		<key>C6A6666B19ED4665000C6EAB</key>
		<dict>
			<key>isa</key>
			<string>PBXFileReference</string>
			<key>lastKnownFileType</key>
			<string>text.plist.strings</string>
			<key>name</key>
			<string>ru</string>
			<key>path</key>
			<string>ru.lproj/InfoPlist.strings</string>
			<key>sourceTree</key>
			<string>&lt;group&gt;</string>
		</dict>
		<key>C6A6666C19ED4688000C6EAB</key>
		<dict>
			<key>isa</key>
			<string>PBXFileReference</string>
			<key>lastKnownFileType</key>
			<string>text.plist.strings</string>
			<key>name</key>
			<string>es</string>
			<key>path</key>
			<string>es.lproj/InfoPlist.strings</string>
			<key>sourceTree</key>
			<string>&lt;group&gt;</string>
		</dict>
		<key>C6ABB12317F0619B0086872F</key>
		<dict>
			<key>fileEncoding</key>
			<string>4</string>
			<key>isa</key>
			<string>PBXFileReference</string>
			<key>lastKnownFileType</key>
			<string>sourcecode.c.h</string>
			<key>path</key>
			<string>ASTAirportPickerCell.h</string>
			<key>sourceTree</key>
			<string>&lt;group&gt;</string>
		</dict>
		<key>C6ABB12417F0619B0086872F</key>
		<dict>
			<key>fileEncoding</key>
			<string>4</string>
			<key>isa</key>
			<string>PBXFileReference</string>
			<key>lastKnownFileType</key>
			<string>sourcecode.c.objc</string>
			<key>lineEnding</key>
			<string>0</string>
			<key>path</key>
			<string>ASTAirportPickerCell.m</string>
			<key>sourceTree</key>
			<string>&lt;group&gt;</string>
			<key>xcLanguageSpecificationIdentifier</key>
			<string>xcode.lang.objc</string>
		</dict>
		<key>C6ABB12517F0619B0086872F</key>
		<dict>
			<key>fileEncoding</key>
			<string>4</string>
			<key>isa</key>
			<string>PBXFileReference</string>
			<key>lastKnownFileType</key>
			<string>file.xib</string>
			<key>path</key>
			<string>ASTAirportPickerSearchingCell.xib</string>
			<key>sourceTree</key>
			<string>&lt;group&gt;</string>
		</dict>
		<key>C6ABB12617F0619B0086872F</key>
		<dict>
			<key>fileRef</key>
			<string>C6ABB12417F0619B0086872F</string>
			<key>isa</key>
			<string>PBXBuildFile</string>
		</dict>
		<key>C6B255D617F0228C00630769</key>
		<dict>
			<key>fileEncoding</key>
			<string>4</string>
			<key>isa</key>
			<string>PBXFileReference</string>
			<key>lastKnownFileType</key>
			<string>sourcecode.c.h</string>
			<key>path</key>
			<string>ASTAirportPicker.h</string>
			<key>sourceTree</key>
			<string>&lt;group&gt;</string>
		</dict>
		<key>C6B255D717F0228C00630769</key>
		<dict>
			<key>fileEncoding</key>
			<string>4</string>
			<key>isa</key>
			<string>PBXFileReference</string>
			<key>lastKnownFileType</key>
			<string>sourcecode.c.objc</string>
			<key>lineEnding</key>
			<string>0</string>
			<key>path</key>
			<string>ASTAirportPicker.m</string>
			<key>sourceTree</key>
			<string>&lt;group&gt;</string>
			<key>xcLanguageSpecificationIdentifier</key>
			<string>xcode.lang.objc</string>
		</dict>
		<key>C6B255D817F0228C00630769</key>
		<dict>
			<key>fileEncoding</key>
			<string>4</string>
			<key>isa</key>
			<string>PBXFileReference</string>
			<key>lastKnownFileType</key>
			<string>file.xib</string>
			<key>path</key>
			<string>ASTAirportPicker.xib</string>
			<key>sourceTree</key>
			<string>&lt;group&gt;</string>
		</dict>
		<key>C6B255D917F0228C00630769</key>
		<dict>
			<key>fileRef</key>
			<string>C6B255D717F0228C00630769</string>
			<key>isa</key>
			<string>PBXBuildFile</string>
		</dict>
		<key>C6B74F72181EA14A00FEF5B9</key>
		<dict>
			<key>fileEncoding</key>
			<string>4</string>
			<key>isa</key>
			<string>PBXFileReference</string>
			<key>lastKnownFileType</key>
			<string>sourcecode.c.h</string>
			<key>path</key>
			<string>ASTResults.h</string>
			<key>sourceTree</key>
			<string>&lt;group&gt;</string>
		</dict>
		<key>C6B74F73181EA14A00FEF5B9</key>
		<dict>
			<key>fileEncoding</key>
			<string>4</string>
			<key>isa</key>
			<string>PBXFileReference</string>
			<key>lastKnownFileType</key>
			<string>sourcecode.c.objc</string>
			<key>lineEnding</key>
			<string>0</string>
			<key>path</key>
			<string>ASTResults.m</string>
			<key>sourceTree</key>
			<string>&lt;group&gt;</string>
			<key>xcLanguageSpecificationIdentifier</key>
			<string>xcode.lang.objc</string>
		</dict>
		<key>C6B74F74181EA14A00FEF5B9</key>
		<dict>
			<key>fileEncoding</key>
			<string>4</string>
			<key>isa</key>
			<string>PBXFileReference</string>
			<key>lastKnownFileType</key>
			<string>file.xib</string>
			<key>path</key>
			<string>ASTResults.xib</string>
			<key>sourceTree</key>
			<string>&lt;group&gt;</string>
		</dict>
		<key>C6B74F75181EA14A00FEF5B9</key>
		<dict>
			<key>fileRef</key>
			<string>C6B74F73181EA14A00FEF5B9</string>
			<key>isa</key>
			<string>PBXBuildFile</string>
		</dict>
		<key>C6B74F7C181FDA9100FEF5B9</key>
		<dict>
			<key>fileEncoding</key>
			<string>4</string>
			<key>isa</key>
			<string>PBXFileReference</string>
			<key>lastKnownFileType</key>
			<string>sourcecode.c.h</string>
			<key>path</key>
			<string>ASTFilters.h</string>
			<key>sourceTree</key>
			<string>&lt;group&gt;</string>
		</dict>
		<key>C6B74F7D181FDA9100FEF5B9</key>
		<dict>
			<key>fileEncoding</key>
			<string>4</string>
			<key>isa</key>
			<string>PBXFileReference</string>
			<key>lastKnownFileType</key>
			<string>sourcecode.c.objc</string>
			<key>lineEnding</key>
			<string>0</string>
			<key>path</key>
			<string>ASTFilters.m</string>
			<key>sourceTree</key>
			<string>&lt;group&gt;</string>
			<key>xcLanguageSpecificationIdentifier</key>
			<string>xcode.lang.objc</string>
		</dict>
		<key>C6B74F7E181FDA9100FEF5B9</key>
		<dict>
			<key>fileEncoding</key>
			<string>4</string>
			<key>isa</key>
			<string>PBXFileReference</string>
			<key>lastKnownFileType</key>
			<string>file.xib</string>
			<key>path</key>
			<string>ASTFilters.xib</string>
			<key>sourceTree</key>
			<string>&lt;group&gt;</string>
		</dict>
		<key>C6B74F7F181FDA9100FEF5B9</key>
		<dict>
			<key>fileRef</key>
			<string>C6B74F7D181FDA9100FEF5B9</string>
			<key>isa</key>
			<string>PBXBuildFile</string>
		</dict>
		<key>C6B74F81181FDBBB00FEF5B9</key>
		<dict>
			<key>children</key>
			<array>
				<string>C6B74F82181FDBBB00FEF5B9</string>
				<string>C6B74F83181FDBBB00FEF5B9</string>
				<string>C6B74F84181FDBBB00FEF5B9</string>
				<string>C6B74F85181FDBBB00FEF5B9</string>
				<string>C6B74F86181FDBBB00FEF5B9</string>
				<string>C6B74F87181FDBBB00FEF5B9</string>
				<string>C6B74F88181FDBBB00FEF5B9</string>
				<string>C6B74F89181FDBBB00FEF5B9</string>
				<string>C6B74F8A181FDBBB00FEF5B9</string>
				<string>C6B74F8B181FDBBB00FEF5B9</string>
				<string>C6B74F8C181FDBBB00FEF5B9</string>
				<string>C6B74F8D181FDBBB00FEF5B9</string>
				<string>C6B74F8E181FDBBB00FEF5B9</string>
				<string>C6B74F8F181FDBBB00FEF5B9</string>
				<string>C6B74F90181FDBBB00FEF5B9</string>
				<string>C6B74F91181FDBBB00FEF5B9</string>
				<string>C6B74F92181FDBBB00FEF5B9</string>
				<string>C6B74F93181FDBBB00FEF5B9</string>
				<string>C6B74F94181FDBBB00FEF5B9</string>
				<string>C6B74F95181FDBBB00FEF5B9</string>
				<string>C6B74F96181FDBBB00FEF5B9</string>
			</array>
			<key>isa</key>
			<string>PBXGroup</string>
			<key>path</key>
			<string>Filter Cells</string>
			<key>sourceTree</key>
			<string>&lt;group&gt;</string>
		</dict>
		<key>C6B74F82181FDBBB00FEF5B9</key>
		<dict>
			<key>fileEncoding</key>
			<string>4</string>
			<key>isa</key>
			<string>PBXFileReference</string>
			<key>lastKnownFileType</key>
			<string>sourcecode.c.h</string>
			<key>path</key>
			<string>ASFilterAirportsSeparatorCell.h</string>
			<key>sourceTree</key>
			<string>&lt;group&gt;</string>
		</dict>
		<key>C6B74F83181FDBBB00FEF5B9</key>
		<dict>
			<key>fileEncoding</key>
			<string>4</string>
			<key>isa</key>
			<string>PBXFileReference</string>
			<key>lastKnownFileType</key>
			<string>sourcecode.c.objc</string>
			<key>path</key>
			<string>ASFilterAirportsSeparatorCell.m</string>
			<key>sourceTree</key>
			<string>&lt;group&gt;</string>
		</dict>
		<key>C6B74F84181FDBBB00FEF5B9</key>
		<dict>
			<key>fileEncoding</key>
			<string>4</string>
			<key>isa</key>
			<string>PBXFileReference</string>
			<key>lastKnownFileType</key>
			<string>file.xib</string>
			<key>path</key>
			<string>ASFilterAirportsSeparatorCell.xib</string>
			<key>sourceTree</key>
			<string>&lt;group&gt;</string>
		</dict>
		<key>C6B74F85181FDBBB00FEF5B9</key>
		<dict>
			<key>fileEncoding</key>
			<string>4</string>
			<key>isa</key>
			<string>PBXFileReference</string>
			<key>lastKnownFileType</key>
			<string>sourcecode.c.h</string>
			<key>path</key>
			<string>ASFilterCellWithAirport.h</string>
			<key>sourceTree</key>
			<string>&lt;group&gt;</string>
		</dict>
		<key>C6B74F86181FDBBB00FEF5B9</key>
		<dict>
			<key>fileEncoding</key>
			<string>4</string>
			<key>isa</key>
			<string>PBXFileReference</string>
			<key>lastKnownFileType</key>
			<string>sourcecode.c.objc</string>
			<key>path</key>
			<string>ASFilterCellWithAirport.m</string>
			<key>sourceTree</key>
			<string>&lt;group&gt;</string>
		</dict>
		<key>C6B74F87181FDBBB00FEF5B9</key>
		<dict>
			<key>fileEncoding</key>
			<string>4</string>
			<key>isa</key>
			<string>PBXFileReference</string>
			<key>lastKnownFileType</key>
			<string>file.xib</string>
			<key>path</key>
			<string>ASFilterCellWithAirport.xib</string>
			<key>sourceTree</key>
			<string>&lt;group&gt;</string>
		</dict>
		<key>C6B74F88181FDBBB00FEF5B9</key>
		<dict>
			<key>fileEncoding</key>
			<string>4</string>
			<key>isa</key>
			<string>PBXFileReference</string>
			<key>lastKnownFileType</key>
			<string>sourcecode.c.h</string>
			<key>path</key>
			<string>ASFilterCellWithMobileSwitch.h</string>
			<key>sourceTree</key>
			<string>&lt;group&gt;</string>
		</dict>
		<key>C6B74F89181FDBBB00FEF5B9</key>
		<dict>
			<key>fileEncoding</key>
			<string>4</string>
			<key>isa</key>
			<string>PBXFileReference</string>
			<key>lastKnownFileType</key>
			<string>sourcecode.c.objc</string>
			<key>path</key>
			<string>ASFilterCellWithMobileSwitch.m</string>
			<key>sourceTree</key>
			<string>&lt;group&gt;</string>
		</dict>
		<key>C6B74F8A181FDBBB00FEF5B9</key>
		<dict>
			<key>fileEncoding</key>
			<string>4</string>
			<key>isa</key>
			<string>PBXFileReference</string>
			<key>lastKnownFileType</key>
			<string>file.xib</string>
			<key>path</key>
			<string>ASFilterCellWithMobileSwitch.xib</string>
			<key>sourceTree</key>
			<string>&lt;group&gt;</string>
		</dict>
		<key>C6B74F8B181FDBBB00FEF5B9</key>
		<dict>
			<key>fileEncoding</key>
			<string>4</string>
			<key>isa</key>
			<string>PBXFileReference</string>
			<key>lastKnownFileType</key>
			<string>sourcecode.c.h</string>
			<key>path</key>
			<string>ASFilterCellWithOneThumbSlider.h</string>
			<key>sourceTree</key>
			<string>&lt;group&gt;</string>
		</dict>
		<key>C6B74F8C181FDBBB00FEF5B9</key>
		<dict>
			<key>fileEncoding</key>
			<string>4</string>
			<key>isa</key>
			<string>PBXFileReference</string>
			<key>lastKnownFileType</key>
			<string>sourcecode.c.objc</string>
			<key>path</key>
			<string>ASFilterCellWithOneThumbSlider.m</string>
			<key>sourceTree</key>
			<string>&lt;group&gt;</string>
		</dict>
		<key>C6B74F8D181FDBBB00FEF5B9</key>
		<dict>
			<key>fileEncoding</key>
			<string>4</string>
			<key>isa</key>
			<string>PBXFileReference</string>
			<key>lastKnownFileType</key>
			<string>file.xib</string>
			<key>path</key>
			<string>ASFilterCellWithOneThumbSlider.xib</string>
			<key>sourceTree</key>
			<string>&lt;group&gt;</string>
		</dict>
		<key>C6B74F8E181FDBBB00FEF5B9</key>
		<dict>
			<key>fileEncoding</key>
			<string>4</string>
			<key>isa</key>
			<string>PBXFileReference</string>
			<key>lastKnownFileType</key>
			<string>sourcecode.c.h</string>
			<key>path</key>
			<string>ASFilterCellWithTwoThumbsSlider.h</string>
			<key>sourceTree</key>
			<string>&lt;group&gt;</string>
		</dict>
		<key>C6B74F8F181FDBBB00FEF5B9</key>
		<dict>
			<key>fileEncoding</key>
			<string>4</string>
			<key>isa</key>
			<string>PBXFileReference</string>
			<key>lastKnownFileType</key>
			<string>sourcecode.c.objc</string>
			<key>path</key>
			<string>ASFilterCellWithTwoThumbsSlider.m</string>
			<key>sourceTree</key>
			<string>&lt;group&gt;</string>
		</dict>
		<key>C6B74F90181FDBBB00FEF5B9</key>
		<dict>
			<key>fileEncoding</key>
			<string>4</string>
			<key>isa</key>
			<string>PBXFileReference</string>
			<key>lastKnownFileType</key>
			<string>file.xib</string>
			<key>path</key>
			<string>ASFilterCellWithTwoThumbsSlider.xib</string>
			<key>sourceTree</key>
			<string>&lt;group&gt;</string>
		</dict>
		<key>C6B74F91181FDBBB00FEF5B9</key>
		<dict>
			<key>fileEncoding</key>
			<string>4</string>
			<key>isa</key>
			<string>PBXFileReference</string>
			<key>lastKnownFileType</key>
			<string>sourcecode.c.h</string>
			<key>path</key>
			<string>ASFilterCellWithView.h</string>
			<key>sourceTree</key>
			<string>&lt;group&gt;</string>
		</dict>
		<key>C6B74F92181FDBBB00FEF5B9</key>
		<dict>
			<key>fileEncoding</key>
			<string>4</string>
			<key>isa</key>
			<string>PBXFileReference</string>
			<key>lastKnownFileType</key>
			<string>sourcecode.c.objc</string>
			<key>path</key>
			<string>ASFilterCellWithView.m</string>
			<key>sourceTree</key>
			<string>&lt;group&gt;</string>
		</dict>
		<key>C6B74F93181FDBBB00FEF5B9</key>
		<dict>
			<key>fileEncoding</key>
			<string>4</string>
			<key>isa</key>
			<string>PBXFileReference</string>
			<key>lastKnownFileType</key>
			<string>file.xib</string>
			<key>path</key>
			<string>ASFilterCellWithView.xib</string>
			<key>sourceTree</key>
			<string>&lt;group&gt;</string>
		</dict>
		<key>C6B74F94181FDBBB00FEF5B9</key>
		<dict>
			<key>fileEncoding</key>
			<string>4</string>
			<key>isa</key>
			<string>PBXFileReference</string>
			<key>lastKnownFileType</key>
			<string>sourcecode.c.h</string>
			<key>path</key>
			<string>ASFilterHeaderCell.h</string>
			<key>sourceTree</key>
			<string>&lt;group&gt;</string>
		</dict>
		<key>C6B74F95181FDBBB00FEF5B9</key>
		<dict>
			<key>fileEncoding</key>
			<string>4</string>
			<key>isa</key>
			<string>PBXFileReference</string>
			<key>lastKnownFileType</key>
			<string>sourcecode.c.objc</string>
			<key>path</key>
			<string>ASFilterHeaderCell.m</string>
			<key>sourceTree</key>
			<string>&lt;group&gt;</string>
		</dict>
		<key>C6B74F96181FDBBB00FEF5B9</key>
		<dict>
			<key>fileEncoding</key>
			<string>4</string>
			<key>isa</key>
			<string>PBXFileReference</string>
			<key>lastKnownFileType</key>
			<string>file.xib</string>
			<key>path</key>
			<string>ASFilterHeaderCell.xib</string>
			<key>sourceTree</key>
			<string>&lt;group&gt;</string>
		</dict>
		<key>C6B74F97181FDBBB00FEF5B9</key>
		<dict>
			<key>fileRef</key>
			<string>C6B74F83181FDBBB00FEF5B9</string>
			<key>isa</key>
			<string>PBXBuildFile</string>
		</dict>
		<key>C6B74F99181FDBBB00FEF5B9</key>
		<dict>
			<key>fileRef</key>
			<string>C6B74F86181FDBBB00FEF5B9</string>
			<key>isa</key>
			<string>PBXBuildFile</string>
		</dict>
		<key>C6B74F9B181FDBBB00FEF5B9</key>
		<dict>
			<key>fileRef</key>
			<string>C6B74F89181FDBBB00FEF5B9</string>
			<key>isa</key>
			<string>PBXBuildFile</string>
		</dict>
		<key>C6B74F9D181FDBBB00FEF5B9</key>
		<dict>
			<key>fileRef</key>
			<string>C6B74F8C181FDBBB00FEF5B9</string>
			<key>isa</key>
			<string>PBXBuildFile</string>
		</dict>
		<key>C6B74F9F181FDBBB00FEF5B9</key>
		<dict>
			<key>fileRef</key>
			<string>C6B74F8F181FDBBB00FEF5B9</string>
			<key>isa</key>
			<string>PBXBuildFile</string>
		</dict>
		<key>C6B74FA1181FDBBB00FEF5B9</key>
		<dict>
			<key>fileRef</key>
			<string>C6B74F92181FDBBB00FEF5B9</string>
			<key>isa</key>
			<string>PBXBuildFile</string>
		</dict>
		<key>C6B74FA3181FDBBB00FEF5B9</key>
		<dict>
			<key>fileRef</key>
			<string>C6B74F95181FDBBB00FEF5B9</string>
			<key>isa</key>
			<string>PBXBuildFile</string>
		</dict>
		<key>C6B74FC11820ED3600FEF5B9</key>
		<dict>
			<key>fileEncoding</key>
			<string>4</string>
			<key>isa</key>
			<string>PBXFileReference</string>
			<key>lastKnownFileType</key>
			<string>sourcecode.c.h</string>
			<key>path</key>
			<string>ASRaitingStars.h</string>
			<key>sourceTree</key>
			<string>&lt;group&gt;</string>
		</dict>
		<key>C6B74FC21820ED3600FEF5B9</key>
		<dict>
			<key>fileEncoding</key>
			<string>4</string>
			<key>isa</key>
			<string>PBXFileReference</string>
			<key>lastKnownFileType</key>
			<string>sourcecode.c.objc</string>
			<key>path</key>
			<string>ASRaitingStars.m</string>
			<key>sourceTree</key>
			<string>&lt;group&gt;</string>
		</dict>
		<key>C6B74FC31820ED3600FEF5B9</key>
		<dict>
			<key>fileEncoding</key>
			<string>4</string>
			<key>isa</key>
			<string>PBXFileReference</string>
			<key>lastKnownFileType</key>
			<string>file.xib</string>
			<key>path</key>
			<string>ASRaitingStars.xib</string>
			<key>sourceTree</key>
			<string>&lt;group&gt;</string>
		</dict>
		<key>C6B74FC41820ED3600FEF5B9</key>
		<dict>
			<key>fileRef</key>
			<string>C6B74FC21820ED3600FEF5B9</string>
			<key>isa</key>
			<string>PBXBuildFile</string>
		</dict>
		<key>C6B750151823F29B00FEF5B9</key>
		<dict>
			<key>children</key>
			<array>
				<string>C645047417EC38AB00BF9E31</string>
				<string>C645047517EC38AB00BF9E31</string>
				<string>C600CECD17FD7E1900697E47</string>
				<string>C600CECE17FD7E2300697E47</string>
				<string>C600CED017FD7E2E00697E47</string>
				<string>C63FD39917F4928C007FFBD9</string>
				<string>C63FD39A17F49292007FFBD9</string>
				<string>C63FD39C17F49297007FFBD9</string>
			</array>
			<key>isa</key>
			<string>PBXGroup</string>
			<key>name</key>
			<string>Search Form</string>
			<key>sourceTree</key>
			<string>&lt;group&gt;</string>
		</dict>
		<key>C6B750161823F2DF00FEF5B9</key>
		<dict>
			<key>children</key>
			<array>
				<string>C6B74F72181EA14A00FEF5B9</string>
				<string>C6B74F73181EA14A00FEF5B9</string>
				<string>C6B74F74181EA14A00FEF5B9</string>
				<string>C62DCD09186C79190039C256</string>
				<string>C6A0977918113DD500862C71</string>
				<string>C6A0977A18113DD500862C71</string>
				<string>C6A0977C18113DEA00862C71</string>
				<string>C62408D01848C96D008D0D63</string>
			</array>
			<key>isa</key>
			<string>PBXGroup</string>
			<key>name</key>
			<string>Results Screen</string>
			<key>sourceTree</key>
			<string>&lt;group&gt;</string>
		</dict>
		<key>C6B750171823F30E00FEF5B9</key>
		<dict>
			<key>children</key>
			<array>
				<string>C6B255D617F0228C00630769</string>
				<string>C6B255D717F0228C00630769</string>
				<string>C6B255D817F0228C00630769</string>
				<string>C6ABB12317F0619B0086872F</string>
				<string>C6ABB12417F0619B0086872F</string>
				<string>C67CC6EC17F1EF1B006C659C</string>
				<string>C63FD38A17F338AC007FFBD9</string>
				<string>C63FD38B17F338AC007FFBD9</string>
				<string>C6ABB12517F0619B0086872F</string>
				<string>C63FD38D17F338C4007FFBD9</string>
				<string>C63FD38E17F338D3007FFBD9</string>
				<string>C63FD39017F338DA007FFBD9</string>
			</array>
			<key>isa</key>
			<string>PBXGroup</string>
			<key>name</key>
			<string>Airport Picker</string>
			<key>sourceTree</key>
			<string>&lt;group&gt;</string>
		</dict>
		<key>C6B750181823F32D00FEF5B9</key>
		<dict>
			<key>children</key>
			<array>
				<string>C604811A1814F0DE0015FFEE</string>
				<string>C604811B1814F0DE0015FFEE</string>
				<string>C604811C1814F0DE0015FFEE</string>
				<string>C63BA9F01817C76F007A4F00</string>
				<string>C63BA9F11817C778007A4F00</string>
				<string>C63BA9F31817C781007A4F00</string>
				<string>C63BA9F51817F1F1007A4F00</string>
				<string>C63BA9F61817F1FD007A4F00</string>
				<string>C63BA9F81817F206007A4F00</string>
			</array>
			<key>isa</key>
			<string>PBXGroup</string>
			<key>name</key>
			<string>Ticket Screen</string>
			<key>sourceTree</key>
			<string>&lt;group&gt;</string>
		</dict>
		<key>C6B750191823F35700FEF5B9</key>
		<dict>
			<key>children</key>
			<array>
				<string>C6B74F81181FDBBB00FEF5B9</string>
				<string>C6B74F7C181FDA9100FEF5B9</string>
				<string>C6B74F7D181FDA9100FEF5B9</string>
				<string>C6B74F7E181FDA9100FEF5B9</string>
				<string>C62DCD0C186C80F10039C256</string>
				<string>C6B74FC11820ED3600FEF5B9</string>
				<string>C6B74FC21820ED3600FEF5B9</string>
				<string>C6B74FC31820ED3600FEF5B9</string>
			</array>
			<key>isa</key>
			<string>PBXGroup</string>
			<key>name</key>
			<string>Filters Screen</string>
			<key>sourceTree</key>
			<string>&lt;group&gt;</string>
		</dict>
		<key>C6B751E018240B5400FEF5B9</key>
		<dict>
			<key>isa</key>
			<string>PBXFileReference</string>
			<key>lastKnownFileType</key>
			<string>wrapper.framework</string>
			<key>name</key>
			<string>CoreFoundation.framework</string>
			<key>path</key>
			<string>System/Library/Frameworks/CoreFoundation.framework</string>
			<key>sourceTree</key>
			<string>SDKROOT</string>
		</dict>
		<key>C6B752251824123800FEF5B9</key>
		<dict>
			<key>isa</key>
			<string>PBXFileReference</string>
			<key>lastKnownFileType</key>
			<string>sourcecode.c.h</string>
			<key>lineEnding</key>
			<string>0</string>
			<key>path</key>
			<string>Defines.h</string>
			<key>sourceTree</key>
			<string>&lt;group&gt;</string>
			<key>xcLanguageSpecificationIdentifier</key>
			<string>xcode.lang.objcpp</string>
		</dict>
		<key>C6BA198C1827581C00BAD465</key>
		<dict>
			<key>fileRef</key>
			<string>C6B255D817F0228C00630769</string>
			<key>isa</key>
			<string>PBXBuildFile</string>
		</dict>
		<key>C6BA198D1827581C00BAD465</key>
		<dict>
			<key>fileRef</key>
			<string>C67CC6EC17F1EF1B006C659C</string>
			<key>isa</key>
			<string>PBXBuildFile</string>
		</dict>
		<key>C6BA198E1827581C00BAD465</key>
		<dict>
			<key>fileRef</key>
			<string>C6ABB12517F0619B0086872F</string>
			<key>isa</key>
			<string>PBXBuildFile</string>
		</dict>
		<key>C6BA198F1827581C00BAD465</key>
		<dict>
			<key>fileRef</key>
			<string>C63FD39017F338DA007FFBD9</string>
			<key>isa</key>
			<string>PBXBuildFile</string>
		</dict>
		<key>C6BA19911827581C00BAD465</key>
		<dict>
			<key>fileRef</key>
			<string>C600CED017FD7E2E00697E47</string>
			<key>isa</key>
			<string>PBXBuildFile</string>
		</dict>
		<key>C6BA19921827581C00BAD465</key>
		<dict>
			<key>fileRef</key>
			<string>C63FD39C17F49297007FFBD9</string>
			<key>isa</key>
			<string>PBXBuildFile</string>
		</dict>
		<key>C6BA19941827581C00BAD465</key>
		<dict>
			<key>fileRef</key>
			<string>C6A0977C18113DEA00862C71</string>
			<key>isa</key>
			<string>PBXBuildFile</string>
		</dict>
		<key>C6BA19951827581C00BAD465</key>
		<dict>
			<key>fileRef</key>
			<string>C6B74F84181FDBBB00FEF5B9</string>
			<key>isa</key>
			<string>PBXBuildFile</string>
		</dict>
		<key>C6BA19961827581C00BAD465</key>
		<dict>
			<key>fileRef</key>
			<string>C6B74F87181FDBBB00FEF5B9</string>
			<key>isa</key>
			<string>PBXBuildFile</string>
		</dict>
		<key>C6BA19971827581C00BAD465</key>
		<dict>
			<key>fileRef</key>
			<string>C6B74F8A181FDBBB00FEF5B9</string>
			<key>isa</key>
			<string>PBXBuildFile</string>
		</dict>
		<key>C6BA19981827581C00BAD465</key>
		<dict>
			<key>fileRef</key>
			<string>C6B74F8D181FDBBB00FEF5B9</string>
			<key>isa</key>
			<string>PBXBuildFile</string>
		</dict>
		<key>C6BA19991827581C00BAD465</key>
		<dict>
			<key>fileRef</key>
			<string>C6B74F90181FDBBB00FEF5B9</string>
			<key>isa</key>
			<string>PBXBuildFile</string>
		</dict>
		<key>C6BA199A1827581C00BAD465</key>
		<dict>
			<key>fileRef</key>
			<string>C6B74F93181FDBBB00FEF5B9</string>
			<key>isa</key>
			<string>PBXBuildFile</string>
		</dict>
		<key>C6BA199B1827581C00BAD465</key>
		<dict>
			<key>fileRef</key>
			<string>C6B74F96181FDBBB00FEF5B9</string>
			<key>isa</key>
			<string>PBXBuildFile</string>
		</dict>
		<key>C6BA199C1827581C00BAD465</key>
		<dict>
			<key>fileRef</key>
			<string>C6B74F7E181FDA9100FEF5B9</string>
			<key>isa</key>
			<string>PBXBuildFile</string>
		</dict>
		<key>C6BA199D1827581C00BAD465</key>
		<dict>
			<key>fileRef</key>
			<string>C6B74FC31820ED3600FEF5B9</string>
			<key>isa</key>
			<string>PBXBuildFile</string>
		</dict>
		<key>C6BA199E1827581C00BAD465</key>
		<dict>
			<key>fileRef</key>
			<string>C604811C1814F0DE0015FFEE</string>
			<key>isa</key>
			<string>PBXBuildFile</string>
		</dict>
		<key>C6BA199F1827581C00BAD465</key>
		<dict>
			<key>fileRef</key>
			<string>C63BA9F31817C781007A4F00</string>
			<key>isa</key>
			<string>PBXBuildFile</string>
		</dict>
		<key>C6BA19A01827581C00BAD465</key>
		<dict>
			<key>fileRef</key>
			<string>C63BA9F81817F206007A4F00</string>
			<key>isa</key>
			<string>PBXBuildFile</string>
		</dict>
		<key>C6EA13D218313BB800E77589</key>
		<dict>
			<key>fileRef</key>
			<string>C6B74F74181EA14A00FEF5B9</string>
			<key>isa</key>
			<string>PBXBuildFile</string>
		</dict>
		<key>DA159C833A453395FAF1CF5C</key>
		<dict>
			<key>fileRef</key>
			<string>BD570B90FEA871F9E1907159</string>
			<key>isa</key>
			<string>PBXBuildFile</string>
		</dict>
		<key>E5E0B82FA99CFF9AD199612F</key>
		<dict>
			<key>buildActionMask</key>
			<string>2147483647</string>
			<key>files</key>
			<array/>
			<key>inputPaths</key>
			<array/>
			<key>isa</key>
			<string>PBXShellScriptBuildPhase</string>
			<key>name</key>
			<string>Embed Pods Frameworks</string>
			<key>outputPaths</key>
			<array/>
			<key>runOnlyForDeploymentPostprocessing</key>
			<string>0</string>
			<key>shellPath</key>
			<string>/bin/sh</string>
			<key>shellScript</key>
			<string>"${SRCROOT}/Pods/Target Support Files/Pods-AviasalesSDKTemplate/Pods-AviasalesSDKTemplate-frameworks.sh"
</string>
			<key>showEnvVarsInLog</key>
			<string>0</string>
		</dict>
		<key>E9FFB58869344A6DC68DFB25</key>
		<dict>
			<key>buildActionMask</key>
			<string>2147483647</string>
			<key>files</key>
			<array/>
			<key>inputPaths</key>
			<array/>
			<key>isa</key>
			<string>PBXShellScriptBuildPhase</string>
			<key>name</key>
			<string>Check Pods Manifest.lock</string>
			<key>outputPaths</key>
			<array/>
			<key>runOnlyForDeploymentPostprocessing</key>
			<string>0</string>
			<key>shellPath</key>
			<string>/bin/sh</string>
			<key>shellScript</key>
			<string>diff "${PODS_ROOT}/../Podfile.lock" "${PODS_ROOT}/Manifest.lock" &gt; /dev/null
if [[ $? != 0 ]] ; then
    cat &lt;&lt; EOM
error: The sandbox is not in sync with the Podfile.lock. Run 'pod install' or update your CocoaPods installation.
EOM
    exit 1
fi
</string>
			<key>showEnvVarsInLog</key>
			<string>0</string>
		</dict>
	</dict>
	<key>rootObject</key>
	<string>C60EC82F17E848DA00C5D52E</string>
</dict>
</plist>
